PODS:
  - SKCountryPicker (1.0.6)

DEPENDENCIES:
  - SKCountryPicker

SPEC REPOS:
  https://github.com/cocoapods/specs.git:
    - SKCountryPicker

SPEC CHECKSUMS:
  SKCountryPicker: 772f34cdcf8d6b1a7b600922eff2dd72a82c85c7

PODFILE CHECKSUM: cbd79d1c657b5b256d60cce55b7ab99db5469282

COCOAPODS: 1.5.3
