PODS:
  - SKCountryPicker (1.2.3)

DEPENDENCIES:
  - SKCountryPicker

SPEC REPOS:
  https://github.com/cocoapods/specs.git:
    - SKCountryPicker

SPEC CHECKSUMS:
  SKCountryPicker: 4f015850098fc7b259bac80258fece69d0976988

PODFILE CHECKSUM: 16f6a16b58894cb5f4f4351a2027b69efec0b2cd

COCOAPODS: 1.7.5
