{
  "originHash" : "9763fccce63045a388fb651cea524c335b31d3accb6e3419ca15970dc6bf6819",
  "pins" : [
    {
      "identity" : "countrypicker",
      "kind" : "remoteSourceControl",
      "location" : "https://github.com/SURYAKANTSHARMA/CountryPicker",
      "state" : {
        "revision" : "c509d3faf6eecca8242850492231a467a9331383"
      }
    }
  ],
  "version" : 3
}
