// !$*UTF8*$!
{
	archiveVersion = 1;
	classes = {
	};
	objectVersion = 55;
	objects = {

/* Begin PBXBuildFile section */
		B7F150EB2784697700B04FEB /* CountryPickerSwiftUIExampleApp.swift in Sources */ = {isa = PBXBuildFile; fileRef = B7F150DB2784697200B04FEB /* CountryPickerSwiftUIExampleApp.swift */; };
		B7F150EC2784697700B04FEB /* CountryPickerSwiftUIExampleApp.swift in Sources */ = {isa = PBXBuildFile; fileRef = B7F150DB2784697200B04FEB /* CountryPickerSwiftUIExampleApp.swift */; };
		B7F150ED2784697700B04FEB /* ContentView.swift in Sources */ = {isa = PBXBuildFile; fileRef = B7F150DC2784697200B04FEB /* ContentView.swift */; };
		B7F150EE2784697700B04FEB /* ContentView.swift in Sources */ = {isa = PBXBuildFile; fileRef = B7F150DC2784697200B04FEB /* ContentView.swift */; };
		B7F150EF2784697700B04FEB /* Assets.xcassets in Resources */ = {isa = PBXBuildFile; fileRef = B7F150DD2784697700B04FEB /* Assets.xcassets */; };
		B7F150F02784697700B04FEB /* Assets.xcassets in Resources */ = {isa = PBXBuildFile; fileRef = B7F150DD2784697700B04FEB /* Assets.xcassets */; };
		E0C62EB9288EC52D0057216B /* CountryPickerViewProxy.swift in Sources */ = {isa = PBXBuildFile; fileRef = E0C62EB8288EC52D0057216B /* CountryPickerViewProxy.swift */; };
		E0C62EBA288EC52D0057216B /* CountryPickerViewProxy.swift in Sources */ = {isa = PBXBuildFile; fileRef = E0C62EB8288EC52D0057216B /* CountryPickerViewProxy.swift */; };
/* End PBXBuildFile section */

/* Begin PBXFileReference section */
		B7F150DB2784697200B04FEB /* CountryPickerSwiftUIExampleApp.swift */ = {isa = PBXFileReference; lastKnownFileType = sourcecode.swift; path = CountryPickerSwiftUIExampleApp.swift; sourceTree = "<group>"; };
		B7F150DC2784697200B04FEB /* ContentView.swift */ = {isa = PBXFileReference; lastKnownFileType = sourcecode.swift; path = ContentView.swift; sourceTree = "<group>"; };
		B7F150DD2784697700B04FEB /* Assets.xcassets */ = {isa = PBXFileReference; lastKnownFileType = folder.assetcatalog; path = Assets.xcassets; sourceTree = "<group>"; };
		B7F150E22784697700B04FEB /* CountryPickerSwiftUIExample.app */ = {isa = PBXFileReference; explicitFileType = wrapper.application; includeInIndex = 0; path = CountryPickerSwiftUIExample.app; sourceTree = BUILT_PRODUCTS_DIR; };
		B7F150E82784697700B04FEB /* CountryPickerSwiftUIExample.app */ = {isa = PBXFileReference; explicitFileType = wrapper.application; includeInIndex = 0; path = CountryPickerSwiftUIExample.app; sourceTree = BUILT_PRODUCTS_DIR; };
		B7F150EA2784697700B04FEB /* macOS.entitlements */ = {isa = PBXFileReference; lastKnownFileType = text.plist.entitlements; path = macOS.entitlements; sourceTree = "<group>"; };
		E0C62EB8288EC52D0057216B /* CountryPickerViewProxy.swift */ = {isa = PBXFileReference; lastKnownFileType = sourcecode.swift; path = CountryPickerViewProxy.swift; sourceTree = "<group>"; };
/* End PBXFileReference section */

/* Begin PBXFrameworksBuildPhase section */
		B7F150DF2784697700B04FEB /* Frameworks */ = {
			isa = PBXFrameworksBuildPhase;
			buildActionMask = 2147483647;
			files = (
			);
			runOnlyForDeploymentPostprocessing = 0;
		};
		B7F150E52784697700B04FEB /* Frameworks */ = {
			isa = PBXFrameworksBuildPhase;
			buildActionMask = 2147483647;
			files = (
			);
			runOnlyForDeploymentPostprocessing = 0;
		};
/* End PBXFrameworksBuildPhase section */

/* Begin PBXGroup section */
		B7F150D52784697100B04FEB = {
			isa = PBXGroup;
			children = (
				B7F150DA2784697200B04FEB /* Shared */,
				B7F150E92784697700B04FEB /* macOS */,
				B7F150E32784697700B04FEB /* Products */,
			);
			sourceTree = "<group>";
		};
		B7F150DA2784697200B04FEB /* Shared */ = {
			isa = PBXGroup;
			children = (
				B7F150DB2784697200B04FEB /* CountryPickerSwiftUIExampleApp.swift */,
				B7F150DC2784697200B04FEB /* ContentView.swift */,
				E0C62EB8288EC52D0057216B /* CountryPickerViewProxy.swift */,
				B7F150DD2784697700B04FEB /* Assets.xcassets */,
			);
			path = Shared;
			sourceTree = "<group>";
		};
		B7F150E32784697700B04FEB /* Products */ = {
			isa = PBXGroup;
			children = (
				B7F150E22784697700B04FEB /* CountryPickerSwiftUIExample.app */,
				B7F150E82784697700B04FEB /* CountryPickerSwiftUIExample.app */,
			);
			name = Products;
			sourceTree = "<group>";
		};
		B7F150E92784697700B04FEB /* macOS */ = {
			isa = PBXGroup;
			children = (
				B7F150EA2784697700B04FEB /* macOS.entitlements */,
			);
			path = macOS;
			sourceTree = "<group>";
		};
/* End PBXGroup section */

/* Begin PBXNativeTarget section */
		B7F150E12784697700B04FEB /* CountryPickerSwiftUIExample (iOS) */ = {
			isa = PBXNativeTarget;
			buildConfigurationList = B7F150F32784697700B04FEB /* Build configuration list for PBXNativeTarget "CountryPickerSwiftUIExample (iOS)" */;
			buildPhases = (
				B7F150DE2784697700B04FEB /* Sources */,
				B7F150DF2784697700B04FEB /* Frameworks */,
				B7F150E02784697700B04FEB /* Resources */,
			);
			buildRules = (
			);
			dependencies = (
			);
			name = "CountryPickerSwiftUIExample (iOS)";
			packageProductDependencies = (
			);
			productName = "CountryPickerSwiftUIExample (iOS)";
			productReference = B7F150E22784697700B04FEB /* CountryPickerSwiftUIExample.app */;
			productType = "com.apple.product-type.application";
		};
		B7F150E72784697700B04FEB /* CountryPickerSwiftUIExample (macOS) */ = {
			isa = PBXNativeTarget;
			buildConfigurationList = B7F150F62784697700B04FEB /* Build configuration list for PBXNativeTarget "CountryPickerSwiftUIExample (macOS)" */;
			buildPhases = (
				B7F150E42784697700B04FEB /* Sources */,
				B7F150E52784697700B04FEB /* Frameworks */,
				B7F150E62784697700B04FEB /* Resources */,
			);
			buildRules = (
			);
			dependencies = (
			);
			name = "CountryPickerSwiftUIExample (macOS)";
			productName = "CountryPickerSwiftUIExample (macOS)";
			productReference = B7F150E82784697700B04FEB /* CountryPickerSwiftUIExample.app */;
			productType = "com.apple.product-type.application";
		};
/* End PBXNativeTarget section */

/* Begin PBXProject section */
		B7F150D62784697100B04FEB /* Project object */ = {
			isa = PBXProject;
			attributes = {
				BuildIndependentTargetsInParallel = 1;
				LastSwiftUpdateCheck = 1300;
				LastUpgradeCheck = 1330;
				TargetAttributes = {
					B7F150E12784697700B04FEB = {
						CreatedOnToolsVersion = 13.0;
					};
					B7F150E72784697700B04FEB = {
						CreatedOnToolsVersion = 13.0;
					};
				};
			};
			buildConfigurationList = B7F150D92784697100B04FEB /* Build configuration list for PBXProject "CountryPickerSwiftUIExample" */;
			compatibilityVersion = "Xcode 13.0";
			developmentRegion = en;
			hasScannedForEncodings = 0;
			knownRegions = (
				en,
				Base,
			);
			mainGroup = B7F150D52784697100B04FEB;
			packageReferences = (
				B7F150F927847C1500B04FEB /* XCRemoteSwiftPackageReference "CountryPicker" */,
			);
			productRefGroup = B7F150E32784697700B04FEB /* Products */;
			projectDirPath = "";
			projectRoot = "";
			targets = (
				B7F150E12784697700B04FEB /* CountryPickerSwiftUIExample (iOS) */,
				B7F150E72784697700B04FEB /* CountryPickerSwiftUIExample (macOS) */,
			);
		};
/* End PBXProject section */

/* Begin PBXResourcesBuildPhase section */
		B7F150E02784697700B04FEB /* Resources */ = {
			isa = PBXResourcesBuildPhase;
			buildActionMask = 2147483647;
			files = (
				B7F150EF2784697700B04FEB /* Assets.xcassets in Resources */,
			);
			runOnlyForDeploymentPostprocessing = 0;
		};
		B7F150E62784697700B04FEB /* Resources */ = {
			isa = PBXResourcesBuildPhase;
			buildActionMask = 2147483647;
			files = (
				B7F150F02784697700B04FEB /* Assets.xcassets in Resources */,
			);
			runOnlyForDeploymentPostprocessing = 0;
		};
/* End PBXResourcesBuildPhase section */

/* Begin PBXSourcesBuildPhase section */
		B7F150DE2784697700B04FEB /* Sources */ = {
			isa = PBXSourcesBuildPhase;
			buildActionMask = 2147483647;
			files = (
				E0C62EB9288EC52D0057216B /* CountryPickerViewProxy.swift in Sources */,
				B7F150ED2784697700B04FEB /* ContentView.swift in Sources */,
				B7F150EB2784697700B04FEB /* CountryPickerSwiftUIExampleApp.swift in Sources */,
			);
			runOnlyForDeploymentPostprocessing = 0;
		};
		B7F150E42784697700B04FEB /* Sources */ = {
			isa = PBXSourcesBuildPhase;
			buildActionMask = 2147483647;
			files = (
				E0C62EBA288EC52D0057216B /* CountryPickerViewProxy.swift in Sources */,
				B7F150EE2784697700B04FEB /* ContentView.swift in Sources */,
				B7F150EC2784697700B04FEB /* CountryPickerSwiftUIExampleApp.swift in Sources */,
			);
			runOnlyForDeploymentPostprocessing = 0;
		};
/* End PBXSourcesBuildPhase section */

/* Begin XCBuildConfiguration section */
		B7F150F12784697700B04FEB /* Debug */ = {
			isa = XCBuildConfiguration;
			buildSettings = {
				ALWAYS_SEARCH_USER_PATHS = NO;
				CLANG_ANALYZER_NONNULL = YES;
				CLANG_ANALYZER_NUMBER_OBJECT_CONVERSION = YES_AGGRESSIVE;
				CLANG_CXX_LANGUAGE_STANDARD = "gnu++17";
				CLANG_CXX_LIBRARY = "libc++";
				CLANG_ENABLE_MODULES = YES;
				CLANG_ENABLE_OBJC_ARC = YES;
				CLANG_ENABLE_OBJC_WEAK = YES;
				CLANG_WARN_BLOCK_CAPTURE_AUTORELEASING = YES;
				CLANG_WARN_BOOL_CONVERSION = YES;
				CLANG_WARN_COMMA = YES;
				CLANG_WARN_CONSTANT_CONVERSION = YES;
				CLANG_WARN_DEPRECATED_OBJC_IMPLEMENTATIONS = YES;
				CLANG_WARN_DIRECT_OBJC_ISA_USAGE = YES_ERROR;
				CLANG_WARN_DOCUMENTATION_COMMENTS = YES;
				CLANG_WARN_EMPTY_BODY = YES;
				CLANG_WARN_ENUM_CONVERSION = YES;
				CLANG_WARN_INFINITE_RECURSION = YES;
				CLANG_WARN_INT_CONVERSION = YES;
				CLANG_WARN_NON_LITERAL_NULL_CONVERSION = YES;
				CLANG_WARN_OBJC_IMPLICIT_RETAIN_SELF = YES;
				CLANG_WARN_OBJC_LITERAL_CONVERSION = YES;
				CLANG_WARN_OBJC_ROOT_CLASS = YES_ERROR;
				CLANG_WARN_QUOTED_INCLUDE_IN_FRAMEWORK_HEADER = YES;
				CLANG_WARN_RANGE_LOOP_ANALYSIS = YES;
				CLANG_WARN_STRICT_PROTOTYPES = YES;
				CLANG_WARN_SUSPICIOUS_MOVE = YES;
				CLANG_WARN_UNGUARDED_AVAILABILITY = YES_AGGRESSIVE;
				CLANG_WARN_UNREACHABLE_CODE = YES;
				CLANG_WARN__DUPLICATE_METHOD_MATCH = YES;
				COPY_PHASE_STRIP = NO;
				DEBUG_INFORMATION_FORMAT = dwarf;
				ENABLE_STRICT_OBJC_MSGSEND = YES;
				ENABLE_TESTABILITY = YES;
				GCC_C_LANGUAGE_STANDARD = gnu11;
				GCC_DYNAMIC_NO_PIC = NO;
				GCC_NO_COMMON_BLOCKS = YES;
				GCC_OPTIMIZATION_LEVEL = 0;
				GCC_PREPROCESSOR_DEFINITIONS = (
					"DEBUG=1",
					"$(inherited)",
				);
				GCC_WARN_64_TO_32_BIT_CONVERSION = YES;
				GCC_WARN_ABOUT_RETURN_TYPE = YES_ERROR;
				GCC_WARN_UNDECLARED_SELECTOR = YES;
				GCC_WARN_UNINITIALIZED_AUTOS = YES_AGGRESSIVE;
				GCC_WARN_UNUSED_FUNCTION = YES;
				GCC_WARN_UNUSED_VARIABLE = YES;
				MTL_ENABLE_DEBUG_INFO = INCLUDE_SOURCE;
				MTL_FAST_MATH = YES;
				ONLY_ACTIVE_ARCH = YES;
				SWIFT_ACTIVE_COMPILATION_CONDITIONS = DEBUG;
				SWIFT_OPTIMIZATION_LEVEL = "-Onone";
			};
			name = Debug;
		};
		B7F150F22784697700B04FEB /* Release */ = {
			isa = XCBuildConfiguration;
			buildSettings = {
				ALWAYS_SEARCH_USER_PATHS = NO;
				CLANG_ANALYZER_NONNULL = YES;
				CLANG_ANALYZER_NUMBER_OBJECT_CONVERSION = YES_AGGRESSIVE;
				CLANG_CXX_LANGUAGE_STANDARD = "gnu++17";
				CLANG_CXX_LIBRARY = "libc++";
				CLANG_ENABLE_MODULES = YES;
				CLANG_ENABLE_OBJC_ARC = YES;
				CLANG_ENABLE_OBJC_WEAK = YES;
				CLANG_WARN_BLOCK_CAPTURE_AUTORELEASING = YES;
				CLANG_WARN_BOOL_CONVERSION = YES;
				CLANG_WARN_COMMA = YES;
				CLANG_WARN_CONSTANT_CONVERSION = YES;
				CLANG_WARN_DEPRECATED_OBJC_IMPLEMENTATIONS = YES;
				CLANG_WARN_DIRECT_OBJC_ISA_USAGE = YES_ERROR;
				CLANG_WARN_DOCUMENTATION_COMMENTS = YES;
				CLANG_WARN_EMPTY_BODY = YES;
				CLANG_WARN_ENUM_CONVERSION = YES;
				CLANG_WARN_INFINITE_RECURSION = YES;
				CLANG_WARN_INT_CONVERSION = YES;
				CLANG_WARN_NON_LITERAL_NULL_CONVERSION = YES;
				CLANG_WARN_OBJC_IMPLICIT_RETAIN_SELF = YES;
				CLANG_WARN_OBJC_LITERAL_CONVERSION = YES;
				CLANG_WARN_OBJC_ROOT_CLASS = YES_ERROR;
				CLANG_WARN_QUOTED_INCLUDE_IN_FRAMEWORK_HEADER = YES;
				CLANG_WARN_RANGE_LOOP_ANALYSIS = YES;
				CLANG_WARN_STRICT_PROTOTYPES = YES;
				CLANG_WARN_SUSPICIOUS_MOVE = YES;
				CLANG_WARN_UNGUARDED_AVAILABILITY = YES_AGGRESSIVE;
				CLANG_WARN_UNREACHABLE_CODE = YES;
				CLANG_WARN__DUPLICATE_METHOD_MATCH = YES;
				COPY_PHASE_STRIP = NO;
				DEBUG_INFORMATION_FORMAT = "dwarf-with-dsym";
				ENABLE_NS_ASSERTIONS = NO;
				ENABLE_STRICT_OBJC_MSGSEND = YES;
				GCC_C_LANGUAGE_STANDARD = gnu11;
				GCC_NO_COMMON_BLOCKS = YES;
				GCC_WARN_64_TO_32_BIT_CONVERSION = YES;
				GCC_WARN_ABOUT_RETURN_TYPE = YES_ERROR;
				GCC_WARN_UNDECLARED_SELECTOR = YES;
				GCC_WARN_UNINITIALIZED_AUTOS = YES_AGGRESSIVE;
				GCC_WARN_UNUSED_FUNCTION = YES;
				GCC_WARN_UNUSED_VARIABLE = YES;
				MTL_ENABLE_DEBUG_INFO = NO;
				MTL_FAST_MATH = YES;
				SWIFT_COMPILATION_MODE = wholemodule;
				SWIFT_OPTIMIZATION_LEVEL = "-O";
			};
			name = Release;
		};
		B7F150F42784697700B04FEB /* Debug */ = {
			isa = XCBuildConfiguration;
			buildSettings = {
				ASSETCATALOG_COMPILER_APPICON_NAME = AppIcon;
				ASSETCATALOG_COMPILER_GLOBAL_ACCENT_COLOR_NAME = AccentColor;
				CODE_SIGN_IDENTITY = "Apple Development";
				CODE_SIGN_STYLE = Automatic;
				CURRENT_PROJECT_VERSION = 1;
				DEVELOPMENT_TEAM = "";
				ENABLE_PREVIEWS = YES;
				GENERATE_INFOPLIST_FILE = YES;
				INFOPLIST_KEY_UIApplicationSceneManifest_Generation = YES;
				INFOPLIST_KEY_UIApplicationSupportsIndirectInputEvents = YES;
				INFOPLIST_KEY_UILaunchScreen_Generation = YES;
				INFOPLIST_KEY_UISupportedInterfaceOrientations_iPad = "UIInterfaceOrientationPortrait UIInterfaceOrientationPortraitUpsideDown UIInterfaceOrientationLandscapeLeft UIInterfaceOrientationLandscapeRight";
				INFOPLIST_KEY_UISupportedInterfaceOrientations_iPhone = "UIInterfaceOrientationPortrait UIInterfaceOrientationLandscapeLeft UIInterfaceOrientationLandscapeRight";
				IPHONEOS_DEPLOYMENT_TARGET = 14.0;
				LD_RUNPATH_SEARCH_PATHS = (
					"$(inherited)",
					"@executable_path/Frameworks",
				);
				MARKETING_VERSION = 1.0;
				PRODUCT_BUNDLE_IDENTIFIER = "com.github.-CountryPickerSwiftUIExample.CountryPickerSwiftUIExample";
				PRODUCT_NAME = CountryPickerSwiftUIExample;
				PROVISIONING_PROFILE_SPECIFIER = "";
				SDKROOT = iphoneos;
				SWIFT_EMIT_LOC_STRINGS = YES;
				SWIFT_VERSION = 5.0;
				TARGETED_DEVICE_FAMILY = "1,2";
			};
			name = Debug;
		};
		B7F150F52784697700B04FEB /* Release */ = {
			isa = XCBuildConfiguration;
			buildSettings = {
				ASSETCATALOG_COMPILER_APPICON_NAME = AppIcon;
				ASSETCATALOG_COMPILER_GLOBAL_ACCENT_COLOR_NAME = AccentColor;
				CODE_SIGN_IDENTITY = "Apple Development";
				CODE_SIGN_STYLE = Automatic;
				CURRENT_PROJECT_VERSION = 1;
				DEVELOPMENT_TEAM = "";
				ENABLE_PREVIEWS = YES;
				GENERATE_INFOPLIST_FILE = YES;
				INFOPLIST_KEY_UIApplicationSceneManifest_Generation = YES;
				INFOPLIST_KEY_UIApplicationSupportsIndirectInputEvents = YES;
				INFOPLIST_KEY_UILaunchScreen_Generation = YES;
				INFOPLIST_KEY_UISupportedInterfaceOrientations_iPad = "UIInterfaceOrientationPortrait UIInterfaceOrientationPortraitUpsideDown UIInterfaceOrientationLandscapeLeft UIInterfaceOrientationLandscapeRight";
				INFOPLIST_KEY_UISupportedInterfaceOrientations_iPhone = "UIInterfaceOrientationPortrait UIInterfaceOrientationLandscapeLeft UIInterfaceOrientationLandscapeRight";
				IPHONEOS_DEPLOYMENT_TARGET = 14.0;
				LD_RUNPATH_SEARCH_PATHS = (
					"$(inherited)",
					"@executable_path/Frameworks",
				);
				MARKETING_VERSION = 1.0;
				PRODUCT_BUNDLE_IDENTIFIER = "com.github.-CountryPickerSwiftUIExample.CountryPickerSwiftUIExample";
				PRODUCT_NAME = CountryPickerSwiftUIExample;
				PROVISIONING_PROFILE_SPECIFIER = "";
				SDKROOT = iphoneos;
				SWIFT_EMIT_LOC_STRINGS = YES;
				SWIFT_VERSION = 5.0;
				TARGETED_DEVICE_FAMILY = "1,2";
				VALIDATE_PRODUCT = YES;
			};
			name = Release;
		};
		B7F150F72784697700B04FEB /* Debug */ = {
			isa = XCBuildConfiguration;
			buildSettings = {
				ASSETCATALOG_COMPILER_APPICON_NAME = AppIcon;
				ASSETCATALOG_COMPILER_GLOBAL_ACCENT_COLOR_NAME = AccentColor;
				CODE_SIGN_ENTITLEMENTS = macOS/macOS.entitlements;
				CODE_SIGN_IDENTITY = "-";
				"CODE_SIGN_IDENTITY[sdk=macosx*]" = "Apple Development";
				CODE_SIGN_STYLE = Automatic;
				COMBINE_HIDPI_IMAGES = YES;
				CURRENT_PROJECT_VERSION = 1;
				ENABLE_PREVIEWS = YES;
				GENERATE_INFOPLIST_FILE = YES;
				INFOPLIST_KEY_NSHumanReadableCopyright = "";
				LD_RUNPATH_SEARCH_PATHS = (
					"$(inherited)",
					"@executable_path/../Frameworks",
				);
				MACOSX_DEPLOYMENT_TARGET = 11.0;
				MARKETING_VERSION = 1.0;
				PRODUCT_BUNDLE_IDENTIFIER = "com.github.-CountryPickerSwiftUIExample.CountryPickerSwiftUIExample";
				PRODUCT_NAME = CountryPickerSwiftUIExample;
				SDKROOT = macosx;
				SWIFT_EMIT_LOC_STRINGS = YES;
				SWIFT_VERSION = 5.0;
			};
			name = Debug;
		};
		B7F150F82784697700B04FEB /* Release */ = {
			isa = XCBuildConfiguration;
			buildSettings = {
				ASSETCATALOG_COMPILER_APPICON_NAME = AppIcon;
				ASSETCATALOG_COMPILER_GLOBAL_ACCENT_COLOR_NAME = AccentColor;
				CODE_SIGN_ENTITLEMENTS = macOS/macOS.entitlements;
				CODE_SIGN_IDENTITY = "-";
				"CODE_SIGN_IDENTITY[sdk=macosx*]" = "Apple Development";
				CODE_SIGN_STYLE = Automatic;
				COMBINE_HIDPI_IMAGES = YES;
				CURRENT_PROJECT_VERSION = 1;
				ENABLE_PREVIEWS = YES;
				GENERATE_INFOPLIST_FILE = YES;
				INFOPLIST_KEY_NSHumanReadableCopyright = "";
				LD_RUNPATH_SEARCH_PATHS = (
					"$(inherited)",
					"@executable_path/../Frameworks",
				);
				MACOSX_DEPLOYMENT_TARGET = 11.0;
				MARKETING_VERSION = 1.0;
				PRODUCT_BUNDLE_IDENTIFIER = "com.github.-CountryPickerSwiftUIExample.CountryPickerSwiftUIExample";
				PRODUCT_NAME = CountryPickerSwiftUIExample;
				SDKROOT = macosx;
				SWIFT_EMIT_LOC_STRINGS = YES;
				SWIFT_VERSION = 5.0;
			};
			name = Release;
		};
/* End XCBuildConfiguration section */

/* Begin XCConfigurationList section */
		B7F150D92784697100B04FEB /* Build configuration list for PBXProject "CountryPickerSwiftUIExample" */ = {
			isa = XCConfigurationList;
			buildConfigurations = (
				B7F150F12784697700B04FEB /* Debug */,
				B7F150F22784697700B04FEB /* Release */,
			);
			defaultConfigurationIsVisible = 0;
			defaultConfigurationName = Release;
		};
		B7F150F32784697700B04FEB /* Build configuration list for PBXNativeTarget "CountryPickerSwiftUIExample (iOS)" */ = {
			isa = XCConfigurationList;
			buildConfigurations = (
				B7F150F42784697700B04FEB /* Debug */,
				B7F150F52784697700B04FEB /* Release */,
			);
			defaultConfigurationIsVisible = 0;
			defaultConfigurationName = Release;
		};
		B7F150F62784697700B04FEB /* Build configuration list for PBXNativeTarget "CountryPickerSwiftUIExample (macOS)" */ = {
			isa = XCConfigurationList;
			buildConfigurations = (
				B7F150F72784697700B04FEB /* Debug */,
				B7F150F82784697700B04FEB /* Release */,
			);
			defaultConfigurationIsVisible = 0;
			defaultConfigurationName = Release;
		};
/* End XCConfigurationList section */

/* Begin XCRemoteSwiftPackageReference section */
		B7F150F927847C1500B04FEB /* XCRemoteSwiftPackageReference "CountryPicker" */ = {
			isa = XCRemoteSwiftPackageReference;
			repositoryURL = "https://github.com/SURYAKANTSHARMA/CountryPicker";
			requirement = {
				kind = upToNextMajorVersion;
				minimumVersion = 1.0.0;
			};
		};
/* End XCRemoteSwiftPackageReference section */
	};
	rootObject = B7F150D62784697100B04FEB /* Project object */;
}
