// !$*UTF8*$!
{
	archiveVersion = 1;
	classes = {
	};
	objectVersion = 56;
	objects = {

/* Begin PBXBuildFile section */
		5443296EC08E0D102E3BDA04 /* Pods_CountryPicker13_Example.framework in Frameworks */ = {isa = PBXBuildFile; fileRef = D397B4D5701AB2358F150419 /* Pods_CountryPicker13_Example.framework */; };
		963F9EDB2A890CFE0044ECE8 /* CountryPickerWheelDemoView.swift in Sources */ = {isa = PBXBuildFile; fileRef = 963F9EDA2A890CFE0044ECE8 /* CountryPickerWheelDemoView.swift */; };
		963F9EDD2A890D550044ECE8 /* RootContainerView.swift in Sources */ = {isa = PBXBuildFile; fileRef = 963F9EDC2A890D550044ECE8 /* RootContainerView.swift */; };
		D80BAE282A3F0EA5006E41F2 /* CountryPicker13_ExampleApp.swift in Sources */ = {isa = PBXBuildFile; fileRef = D80BAE272A3F0EA5006E41F2 /* CountryPicker13_ExampleApp.swift */; };
		D80BAE2A2A3F0EA5006E41F2 /* MainView.swift in Sources */ = {isa = PBXBuildFile; fileRef = D80BAE292A3F0EA5006E41F2 /* MainView.swift */; };
		D80BAE2C2A3F0EA6006E41F2 /* Assets.xcassets in Resources */ = {isa = PBXBuildFile; fileRef = D80BAE2B2A3F0EA6006E41F2 /* Assets.xcassets */; };
		D80BAE2F2A3F0EA6006E41F2 /* Preview Assets.xcassets in Resources */ = {isa = PBXBuildFile; fileRef = D80BAE2E2A3F0EA6006E41F2 /* Preview Assets.xcassets */; };
/* End PBXBuildFile section */

/* Begin PBXFileReference section */
		81F5C4CEDA78413D8739541E /* Pods-CountryPicker13+Example.release.xcconfig */ = {isa = PBXFileReference; includeInIndex = 1; lastKnownFileType = text.xcconfig; name = "Pods-CountryPicker13+Example.release.xcconfig"; path = "Target Support Files/Pods-CountryPicker13+Example/Pods-CountryPicker13+Example.release.xcconfig"; sourceTree = "<group>"; };
		963F9EDA2A890CFE0044ECE8 /* CountryPickerWheelDemoView.swift */ = {isa = PBXFileReference; lastKnownFileType = sourcecode.swift; path = CountryPickerWheelDemoView.swift; sourceTree = "<group>"; };
		963F9EDC2A890D550044ECE8 /* RootContainerView.swift */ = {isa = PBXFileReference; lastKnownFileType = sourcecode.swift; path = RootContainerView.swift; sourceTree = "<group>"; };
		D397B4D5701AB2358F150419 /* Pods_CountryPicker13_Example.framework */ = {isa = PBXFileReference; explicitFileType = wrapper.framework; includeInIndex = 0; path = Pods_CountryPicker13_Example.framework; sourceTree = BUILT_PRODUCTS_DIR; };
		D80BAE242A3F0EA5006E41F2 /* CountryPicker13+Example.app */ = {isa = PBXFileReference; explicitFileType = wrapper.application; includeInIndex = 0; path = "CountryPicker13+Example.app"; sourceTree = BUILT_PRODUCTS_DIR; };
		D80BAE272A3F0EA5006E41F2 /* CountryPicker13_ExampleApp.swift */ = {isa = PBXFileReference; lastKnownFileType = sourcecode.swift; path = CountryPicker13_ExampleApp.swift; sourceTree = "<group>"; };
		D80BAE292A3F0EA5006E41F2 /* MainView.swift */ = {isa = PBXFileReference; lastKnownFileType = sourcecode.swift; path = MainView.swift; sourceTree = "<group>"; };
		D80BAE2B2A3F0EA6006E41F2 /* Assets.xcassets */ = {isa = PBXFileReference; lastKnownFileType = folder.assetcatalog; path = Assets.xcassets; sourceTree = "<group>"; };
		D80BAE2E2A3F0EA6006E41F2 /* Preview Assets.xcassets */ = {isa = PBXFileReference; lastKnownFileType = folder.assetcatalog; path = "Preview Assets.xcassets"; sourceTree = "<group>"; };
		EEF3316BA36FAB0479525EB1 /* Pods-CountryPicker13+Example.debug.xcconfig */ = {isa = PBXFileReference; includeInIndex = 1; lastKnownFileType = text.xcconfig; name = "Pods-CountryPicker13+Example.debug.xcconfig"; path = "Target Support Files/Pods-CountryPicker13+Example/Pods-CountryPicker13+Example.debug.xcconfig"; sourceTree = "<group>"; };
/* End PBXFileReference section */

/* Begin PBXFrameworksBuildPhase section */
		D80BAE212A3F0EA5006E41F2 /* Frameworks */ = {
			isa = PBXFrameworksBuildPhase;
			buildActionMask = 2147483647;
			files = (
				5443296EC08E0D102E3BDA04 /* Pods_CountryPicker13_Example.framework in Frameworks */,
			);
			runOnlyForDeploymentPostprocessing = 0;
		};
/* End PBXFrameworksBuildPhase section */

/* Begin PBXGroup section */
		A54A81121CF7427C6F1BCD09 /* Pods */ = {
			isa = PBXGroup;
			children = (
				EEF3316BA36FAB0479525EB1 /* Pods-CountryPicker13+Example.debug.xcconfig */,
				81F5C4CEDA78413D8739541E /* Pods-CountryPicker13+Example.release.xcconfig */,
			);
			path = Pods;
			sourceTree = "<group>";
		};
		D80BAE1B2A3F0EA5006E41F2 = {
			isa = PBXGroup;
			children = (
				D80BAE262A3F0EA5006E41F2 /* CountryPicker13+Example */,
				D80BAE252A3F0EA5006E41F2 /* Products */,
				D8DB27E42A50310D00877202 /* Frameworks */,
				A54A81121CF7427C6F1BCD09 /* Pods */,
			);
			sourceTree = "<group>";
		};
		D80BAE252A3F0EA5006E41F2 /* Products */ = {
			isa = PBXGroup;
			children = (
				D80BAE242A3F0EA5006E41F2 /* CountryPicker13+Example.app */,
			);
			name = Products;
			sourceTree = "<group>";
		};
		D80BAE262A3F0EA5006E41F2 /* CountryPicker13+Example */ = {
			isa = PBXGroup;
			children = (
				D80BAE272A3F0EA5006E41F2 /* CountryPicker13_ExampleApp.swift */,
				D80BAE292A3F0EA5006E41F2 /* MainView.swift */,
				D80BAE2B2A3F0EA6006E41F2 /* Assets.xcassets */,
				D80BAE2D2A3F0EA6006E41F2 /* Preview Content */,
				963F9EDA2A890CFE0044ECE8 /* CountryPickerWheelDemoView.swift */,
				963F9EDC2A890D550044ECE8 /* RootContainerView.swift */,
			);
			path = "CountryPicker13+Example";
			sourceTree = "<group>";
		};
		D80BAE2D2A3F0EA6006E41F2 /* Preview Content */ = {
			isa = PBXGroup;
			children = (
				D80BAE2E2A3F0EA6006E41F2 /* Preview Assets.xcassets */,
			);
			path = "Preview Content";
			sourceTree = "<group>";
		};
		D8DB27E42A50310D00877202 /* Frameworks */ = {
			isa = PBXGroup;
			children = (
				D397B4D5701AB2358F150419 /* Pods_CountryPicker13_Example.framework */,
			);
			name = Frameworks;
			sourceTree = "<group>";
		};
/* End PBXGroup section */

/* Begin PBXNativeTarget section */
		D80BAE232A3F0EA5006E41F2 /* CountryPicker13+Example */ = {
			isa = PBXNativeTarget;
			buildConfigurationList = D80BAE322A3F0EA6006E41F2 /* Build configuration list for PBXNativeTarget "CountryPicker13+Example" */;
			buildPhases = (
				0737B159C2DAA7C6F61A2E54 /* [CP] Check Pods Manifest.lock */,
				D80BAE202A3F0EA5006E41F2 /* Sources */,
				D80BAE212A3F0EA5006E41F2 /* Frameworks */,
				D80BAE222A3F0EA5006E41F2 /* Resources */,
				B69944AE98887C67E8C2924A /* [CP] Embed Pods Frameworks */,
			);
			buildRules = (
			);
			dependencies = (
			);
			name = "CountryPicker13+Example";
			productName = "CountryPicker13+Example";
			productReference = D80BAE242A3F0EA5006E41F2 /* CountryPicker13+Example.app */;
			productType = "com.apple.product-type.application";
		};
/* End PBXNativeTarget section */

/* Begin PBXProject section */
		D80BAE1C2A3F0EA5006E41F2 /* Project object */ = {
			isa = PBXProject;
			attributes = {
				BuildIndependentTargetsInParallel = 1;
				LastSwiftUpdateCheck = 1410;
				LastUpgradeCheck = 1410;
				TargetAttributes = {
					D80BAE232A3F0EA5006E41F2 = {
						CreatedOnToolsVersion = 14.1;
					};
				};
			};
			buildConfigurationList = D80BAE1F2A3F0EA5006E41F2 /* Build configuration list for PBXProject "CountryPicker13+Example" */;
			compatibilityVersion = "Xcode 14.0";
			developmentRegion = en;
			hasScannedForEncodings = 0;
			knownRegions = (
				en,
				Base,
			);
			mainGroup = D80BAE1B2A3F0EA5006E41F2;
			productRefGroup = D80BAE252A3F0EA5006E41F2 /* Products */;
			projectDirPath = "";
			projectRoot = "";
			targets = (
				D80BAE232A3F0EA5006E41F2 /* CountryPicker13+Example */,
			);
		};
/* End PBXProject section */

/* Begin PBXResourcesBuildPhase section */
		D80BAE222A3F0EA5006E41F2 /* Resources */ = {
			isa = PBXResourcesBuildPhase;
			buildActionMask = 2147483647;
			files = (
				D80BAE2F2A3F0EA6006E41F2 /* Preview Assets.xcassets in Resources */,
				D80BAE2C2A3F0EA6006E41F2 /* Assets.xcassets in Resources */,
			);
			runOnlyForDeploymentPostprocessing = 0;
		};
/* End PBXResourcesBuildPhase section */

/* Begin PBXShellScriptBuildPhase section */
		0737B159C2DAA7C6F61A2E54 /* [CP] Check Pods Manifest.lock */ = {
			isa = PBXShellScriptBuildPhase;
			buildActionMask = 2147483647;
			files = (
			);
			inputFileListPaths = (
			);
			inputPaths = (
				"${PODS_PODFILE_DIR_PATH}/Podfile.lock",
				"${PODS_ROOT}/Manifest.lock",
			);
			name = "[CP] Check Pods Manifest.lock";
			outputFileListPaths = (
			);
			outputPaths = (
				"$(DERIVED_FILE_DIR)/Pods-CountryPicker13+Example-checkManifestLockResult.txt",
			);
			runOnlyForDeploymentPostprocessing = 0;
			shellPath = /bin/sh;
			shellScript = "diff \"${PODS_PODFILE_DIR_PATH}/Podfile.lock\" \"${PODS_ROOT}/Manifest.lock\" > /dev/null\nif [ $? != 0 ] ; then\n    # print error to STDERR\n    echo \"error: The sandbox is not in sync with the Podfile.lock. Run 'pod install' or update your CocoaPods installation.\" >&2\n    exit 1\nfi\n# This output is used by Xcode 'outputs' to avoid re-running this script phase.\necho \"SUCCESS\" > \"${SCRIPT_OUTPUT_FILE_0}\"\n";
			showEnvVarsInLog = 0;
		};
		B69944AE98887C67E8C2924A /* [CP] Embed Pods Frameworks */ = {
			isa = PBXShellScriptBuildPhase;
			buildActionMask = 2147483647;
			files = (
			);
			inputFileListPaths = (
				"${PODS_ROOT}/Target Support Files/Pods-CountryPicker13+Example/Pods-CountryPicker13+Example-frameworks-${CONFIGURATION}-input-files.xcfilelist",
			);
			name = "[CP] Embed Pods Frameworks";
			outputFileListPaths = (
				"${PODS_ROOT}/Target Support Files/Pods-CountryPicker13+Example/Pods-CountryPicker13+Example-frameworks-${CONFIGURATION}-output-files.xcfilelist",
			);
			runOnlyForDeploymentPostprocessing = 0;
			shellPath = /bin/sh;
			shellScript = "\"${PODS_ROOT}/Target Support Files/Pods-CountryPicker13+Example/Pods-CountryPicker13+Example-frameworks.sh\"\n";
			showEnvVarsInLog = 0;
		};
/* End PBXShellScriptBuildPhase section */

/* Begin PBXSourcesBuildPhase section */
		D80BAE202A3F0EA5006E41F2 /* Sources */ = {
			isa = PBXSourcesBuildPhase;
			buildActionMask = 2147483647;
			files = (
				963F9EDD2A890D550044ECE8 /* RootContainerView.swift in Sources */,
				D80BAE2A2A3F0EA5006E41F2 /* MainView.swift in Sources */,
				D80BAE282A3F0EA5006E41F2 /* CountryPicker13_ExampleApp.swift in Sources */,
				963F9EDB2A890CFE0044ECE8 /* CountryPickerWheelDemoView.swift in Sources */,
			);
			runOnlyForDeploymentPostprocessing = 0;
		};
/* End PBXSourcesBuildPhase section */

/* Begin XCBuildConfiguration section */
		D80BAE302A3F0EA6006E41F2 /* Debug */ = {
			isa = XCBuildConfiguration;
			buildSettings = {
				ALWAYS_SEARCH_USER_PATHS = NO;
				CLANG_ANALYZER_NONNULL = YES;
				CLANG_ANALYZER_NUMBER_OBJECT_CONVERSION = YES_AGGRESSIVE;
				CLANG_CXX_LANGUAGE_STANDARD = "gnu++20";
				CLANG_ENABLE_MODULES = YES;
				CLANG_ENABLE_OBJC_ARC = YES;
				CLANG_ENABLE_OBJC_WEAK = YES;
				CLANG_WARN_BLOCK_CAPTURE_AUTORELEASING = YES;
				CLANG_WARN_BOOL_CONVERSION = YES;
				CLANG_WARN_COMMA = YES;
				CLANG_WARN_CONSTANT_CONVERSION = YES;
				CLANG_WARN_DEPRECATED_OBJC_IMPLEMENTATIONS = YES;
				CLANG_WARN_DIRECT_OBJC_ISA_USAGE = YES_ERROR;
				CLANG_WARN_DOCUMENTATION_COMMENTS = YES;
				CLANG_WARN_EMPTY_BODY = YES;
				CLANG_WARN_ENUM_CONVERSION = YES;
				CLANG_WARN_INFINITE_RECURSION = YES;
				CLANG_WARN_INT_CONVERSION = YES;
				CLANG_WARN_NON_LITERAL_NULL_CONVERSION = YES;
				CLANG_WARN_OBJC_IMPLICIT_RETAIN_SELF = YES;
				CLANG_WARN_OBJC_LITERAL_CONVERSION = YES;
				CLANG_WARN_OBJC_ROOT_CLASS = YES_ERROR;
				CLANG_WARN_QUOTED_INCLUDE_IN_FRAMEWORK_HEADER = YES;
				CLANG_WARN_RANGE_LOOP_ANALYSIS = YES;
				CLANG_WARN_STRICT_PROTOTYPES = YES;
				CLANG_WARN_SUSPICIOUS_MOVE = YES;
				CLANG_WARN_UNGUARDED_AVAILABILITY = YES_AGGRESSIVE;
				CLANG_WARN_UNREACHABLE_CODE = YES;
				CLANG_WARN__DUPLICATE_METHOD_MATCH = YES;
				COPY_PHASE_STRIP = NO;
				DEBUG_INFORMATION_FORMAT = dwarf;
				ENABLE_STRICT_OBJC_MSGSEND = YES;
				ENABLE_TESTABILITY = YES;
				GCC_C_LANGUAGE_STANDARD = gnu11;
				GCC_DYNAMIC_NO_PIC = NO;
				GCC_NO_COMMON_BLOCKS = YES;
				GCC_OPTIMIZATION_LEVEL = 0;
				GCC_PREPROCESSOR_DEFINITIONS = (
					"DEBUG=1",
					"$(inherited)",
				);
				GCC_WARN_64_TO_32_BIT_CONVERSION = YES;
				GCC_WARN_ABOUT_RETURN_TYPE = YES_ERROR;
				GCC_WARN_UNDECLARED_SELECTOR = YES;
				GCC_WARN_UNINITIALIZED_AUTOS = YES_AGGRESSIVE;
				GCC_WARN_UNUSED_FUNCTION = YES;
				GCC_WARN_UNUSED_VARIABLE = YES;
				IPHONEOS_DEPLOYMENT_TARGET = 16.1;
				MTL_ENABLE_DEBUG_INFO = INCLUDE_SOURCE;
				MTL_FAST_MATH = YES;
				ONLY_ACTIVE_ARCH = YES;
				SDKROOT = iphoneos;
				SWIFT_ACTIVE_COMPILATION_CONDITIONS = DEBUG;
				SWIFT_OPTIMIZATION_LEVEL = "-Onone";
			};
			name = Debug;
		};
		D80BAE312A3F0EA6006E41F2 /* Release */ = {
			isa = XCBuildConfiguration;
			buildSettings = {
				ALWAYS_SEARCH_USER_PATHS = NO;
				CLANG_ANALYZER_NONNULL = YES;
				CLANG_ANALYZER_NUMBER_OBJECT_CONVERSION = YES_AGGRESSIVE;
				CLANG_CXX_LANGUAGE_STANDARD = "gnu++20";
				CLANG_ENABLE_MODULES = YES;
				CLANG_ENABLE_OBJC_ARC = YES;
				CLANG_ENABLE_OBJC_WEAK = YES;
				CLANG_WARN_BLOCK_CAPTURE_AUTORELEASING = YES;
				CLANG_WARN_BOOL_CONVERSION = YES;
				CLANG_WARN_COMMA = YES;
				CLANG_WARN_CONSTANT_CONVERSION = YES;
				CLANG_WARN_DEPRECATED_OBJC_IMPLEMENTATIONS = YES;
				CLANG_WARN_DIRECT_OBJC_ISA_USAGE = YES_ERROR;
				CLANG_WARN_DOCUMENTATION_COMMENTS = YES;
				CLANG_WARN_EMPTY_BODY = YES;
				CLANG_WARN_ENUM_CONVERSION = YES;
				CLANG_WARN_INFINITE_RECURSION = YES;
				CLANG_WARN_INT_CONVERSION = YES;
				CLANG_WARN_NON_LITERAL_NULL_CONVERSION = YES;
				CLANG_WARN_OBJC_IMPLICIT_RETAIN_SELF = YES;
				CLANG_WARN_OBJC_LITERAL_CONVERSION = YES;
				CLANG_WARN_OBJC_ROOT_CLASS = YES_ERROR;
				CLANG_WARN_QUOTED_INCLUDE_IN_FRAMEWORK_HEADER = YES;
				CLANG_WARN_RANGE_LOOP_ANALYSIS = YES;
				CLANG_WARN_STRICT_PROTOTYPES = YES;
				CLANG_WARN_SUSPICIOUS_MOVE = YES;
				CLANG_WARN_UNGUARDED_AVAILABILITY = YES_AGGRESSIVE;
				CLANG_WARN_UNREACHABLE_CODE = YES;
				CLANG_WARN__DUPLICATE_METHOD_MATCH = YES;
				COPY_PHASE_STRIP = NO;
				DEBUG_INFORMATION_FORMAT = "dwarf-with-dsym";
				ENABLE_NS_ASSERTIONS = NO;
				ENABLE_STRICT_OBJC_MSGSEND = YES;
				GCC_C_LANGUAGE_STANDARD = gnu11;
				GCC_NO_COMMON_BLOCKS = YES;
				GCC_WARN_64_TO_32_BIT_CONVERSION = YES;
				GCC_WARN_ABOUT_RETURN_TYPE = YES_ERROR;
				GCC_WARN_UNDECLARED_SELECTOR = YES;
				GCC_WARN_UNINITIALIZED_AUTOS = YES_AGGRESSIVE;
				GCC_WARN_UNUSED_FUNCTION = YES;
				GCC_WARN_UNUSED_VARIABLE = YES;
				IPHONEOS_DEPLOYMENT_TARGET = 16.1;
				MTL_ENABLE_DEBUG_INFO = NO;
				MTL_FAST_MATH = YES;
				SDKROOT = iphoneos;
				SWIFT_COMPILATION_MODE = wholemodule;
				SWIFT_OPTIMIZATION_LEVEL = "-O";
				VALIDATE_PRODUCT = YES;
			};
			name = Release;
		};
		D80BAE332A3F0EA6006E41F2 /* Debug */ = {
			isa = XCBuildConfiguration;
			baseConfigurationReference = EEF3316BA36FAB0479525EB1 /* Pods-CountryPicker13+Example.debug.xcconfig */;
			buildSettings = {
				ASSETCATALOG_COMPILER_APPICON_NAME = AppIcon;
				ASSETCATALOG_COMPILER_GLOBAL_ACCENT_COLOR_NAME = AccentColor;
				CODE_SIGN_STYLE = Automatic;
				CURRENT_PROJECT_VERSION = 1;
				DEVELOPMENT_ASSET_PATHS = "\"CountryPicker13+Example/Preview Content\"";
				ENABLE_PREVIEWS = YES;
				GENERATE_INFOPLIST_FILE = YES;
				INFOPLIST_KEY_UIApplicationSceneManifest_Generation = YES;
				INFOPLIST_KEY_UIApplicationSupportsIndirectInputEvents = YES;
				INFOPLIST_KEY_UILaunchScreen_Generation = YES;
				INFOPLIST_KEY_UISupportedInterfaceOrientations_iPad = "UIInterfaceOrientationPortrait UIInterfaceOrientationPortraitUpsideDown UIInterfaceOrientationLandscapeLeft UIInterfaceOrientationLandscapeRight";
				INFOPLIST_KEY_UISupportedInterfaceOrientations_iPhone = "UIInterfaceOrientationPortrait UIInterfaceOrientationLandscapeLeft UIInterfaceOrientationLandscapeRight";
				LD_RUNPATH_SEARCH_PATHS = (
					"$(inherited)",
					"@executable_path/Frameworks",
				);
				MARKETING_VERSION = 1.0;
				PRODUCT_BUNDLE_IDENTIFIER = "com.github.CountryPicker13-Example";
				PRODUCT_NAME = "$(TARGET_NAME)";
				SWIFT_EMIT_LOC_STRINGS = YES;
				SWIFT_VERSION = 5.0;
				TARGETED_DEVICE_FAMILY = "1,2";
			};
			name = Debug;
		};
		D80BAE342A3F0EA6006E41F2 /* Release */ = {
			isa = XCBuildConfiguration;
			baseConfigurationReference = 81F5C4CEDA78413D8739541E /* Pods-CountryPicker13+Example.release.xcconfig */;
			buildSettings = {
				ASSETCATALOG_COMPILER_APPICON_NAME = AppIcon;
				ASSETCATALOG_COMPILER_GLOBAL_ACCENT_COLOR_NAME = AccentColor;
				CODE_SIGN_STYLE = Automatic;
				CURRENT_PROJECT_VERSION = 1;
				DEVELOPMENT_ASSET_PATHS = "\"CountryPicker13+Example/Preview Content\"";
				ENABLE_PREVIEWS = YES;
				GENERATE_INFOPLIST_FILE = YES;
				INFOPLIST_KEY_UIApplicationSceneManifest_Generation = YES;
				INFOPLIST_KEY_UIApplicationSupportsIndirectInputEvents = YES;
				INFOPLIST_KEY_UILaunchScreen_Generation = YES;
				INFOPLIST_KEY_UISupportedInterfaceOrientations_iPad = "UIInterfaceOrientationPortrait UIInterfaceOrientationPortraitUpsideDown UIInterfaceOrientationLandscapeLeft UIInterfaceOrientationLandscapeRight";
				INFOPLIST_KEY_UISupportedInterfaceOrientations_iPhone = "UIInterfaceOrientationPortrait UIInterfaceOrientationLandscapeLeft UIInterfaceOrientationLandscapeRight";
				LD_RUNPATH_SEARCH_PATHS = (
					"$(inherited)",
					"@executable_path/Frameworks",
				);
				MARKETING_VERSION = 1.0;
				PRODUCT_BUNDLE_IDENTIFIER = "com.github.CountryPicker13-Example";
				PRODUCT_NAME = "$(TARGET_NAME)";
				SWIFT_EMIT_LOC_STRINGS = YES;
				SWIFT_VERSION = 5.0;
				TARGETED_DEVICE_FAMILY = "1,2";
			};
			name = Release;
		};
/* End XCBuildConfiguration section */

/* Begin XCConfigurationList section */
		D80BAE1F2A3F0EA5006E41F2 /* Build configuration list for PBXProject "CountryPicker13+Example" */ = {
			isa = XCConfigurationList;
			buildConfigurations = (
				D80BAE302A3F0EA6006E41F2 /* Debug */,
				D80BAE312A3F0EA6006E41F2 /* Release */,
			);
			defaultConfigurationIsVisible = 0;
			defaultConfigurationName = Release;
		};
		D80BAE322A3F0EA6006E41F2 /* Build configuration list for PBXNativeTarget "CountryPicker13+Example" */ = {
			isa = XCConfigurationList;
			buildConfigurations = (
				D80BAE332A3F0EA6006E41F2 /* Debug */,
				D80BAE342A3F0EA6006E41F2 /* Release */,
			);
			defaultConfigurationIsVisible = 0;
			defaultConfigurationName = Release;
		};
/* End XCConfigurationList section */
	};
	rootObject = D80BAE1C2A3F0EA5006E41F2 /* Project object */;
}
