// !$*UTF8*$!
{
	archiveVersion = 1;
	classes = {
	};
	objectVersion = 48;
	objects = {

/* Begin PBXBuildFile section */
		E078314D1FAE4B0F00A4FCBE /* AppDelegate.swift in Sources */ = {isa = PBXBuildFile; fileRef = E078314C1FAE4B0F00A4FCBE /* AppDelegate.swift */; };
		E078314F1FAE4B0F00A4FCBE /* ViewController.swift in Sources */ = {isa = PBXBuildFile; fileRef = E078314E1FAE4B0F00A4FCBE /* ViewController.swift */; };
		E07831521FAE4B0F00A4FCBE /* Main.storyboard in Resources */ = {isa = PBXBuildFile; fileRef = E07831501FAE4B0F00A4FCBE /* Main.storyboard */; };
		E07831551FAE4B0F00A4FCBE /* CoreDataDemo.xcdatamodeld in Sources */ = {isa = PBXBuildFile; fileRef = E07831531FAE4B0F00A4FCBE /* CoreDataDemo.xcdatamodeld */; };
		E07831571FAE4B0F00A4FCBE /* Assets.xcassets in Resources */ = {isa = PBXBuildFile; fileRef = E07831561FAE4B0F00A4FCBE /* Assets.xcassets */; };
		E078315A1FAE4B0F00A4FCBE /* LaunchScreen.storyboard in Resources */ = {isa = PBXBuildFile; fileRef = E07831581FAE4B0F00A4FCBE /* LaunchScreen.storyboard */; };
		E07831651FAE4B0F00A4FCBE /* CoreDataDemoTests.swift in Sources */ = {isa = PBXBuildFile; fileRef = E07831641FAE4B0F00A4FCBE /* CoreDataDemoTests.swift */; };
		E07831701FAE4B0F00A4FCBE /* CoreDataDemoUITests.swift in Sources */ = {isa = PBXBuildFile; fileRef = E078316F1FAE4B0F00A4FCBE /* CoreDataDemoUITests.swift */; };
		E07831871FAE97A300A4FCBE /* Tweet+CoreDataClass.swift in Sources */ = {isa = PBXBuildFile; fileRef = E07831851FAE97A300A4FCBE /* Tweet+CoreDataClass.swift */; };
		E07831881FAE97A300A4FCBE /* Tweet+CoreDataProperties.swift in Sources */ = {isa = PBXBuildFile; fileRef = E07831861FAE97A300A4FCBE /* Tweet+CoreDataProperties.swift */; };
/* End PBXBuildFile section */

/* Begin PBXContainerItemProxy section */
		E07831611FAE4B0F00A4FCBE /* PBXContainerItemProxy */ = {
			isa = PBXContainerItemProxy;
			containerPortal = E07831411FAE4B0F00A4FCBE /* Project object */;
			proxyType = 1;
			remoteGlobalIDString = E07831481FAE4B0F00A4FCBE;
			remoteInfo = CoreDataDemo;
		};
		E078316C1FAE4B0F00A4FCBE /* PBXContainerItemProxy */ = {
			isa = PBXContainerItemProxy;
			containerPortal = E07831411FAE4B0F00A4FCBE /* Project object */;
			proxyType = 1;
			remoteGlobalIDString = E07831481FAE4B0F00A4FCBE;
			remoteInfo = CoreDataDemo;
		};
/* End PBXContainerItemProxy section */

/* Begin PBXFileReference section */
		E07831491FAE4B0F00A4FCBE /* CoreDataDemo.app */ = {isa = PBXFileReference; explicitFileType = wrapper.application; includeInIndex = 0; path = CoreDataDemo.app; sourceTree = BUILT_PRODUCTS_DIR; };
		E078314C1FAE4B0F00A4FCBE /* AppDelegate.swift */ = {isa = PBXFileReference; lastKnownFileType = sourcecode.swift; path = AppDelegate.swift; sourceTree = "<group>"; };
		E078314E1FAE4B0F00A4FCBE /* ViewController.swift */ = {isa = PBXFileReference; lastKnownFileType = sourcecode.swift; path = ViewController.swift; sourceTree = "<group>"; };
		E07831511FAE4B0F00A4FCBE /* Base */ = {isa = PBXFileReference; lastKnownFileType = file.storyboard; name = Base; path = Base.lproj/Main.storyboard; sourceTree = "<group>"; };
		E07831541FAE4B0F00A4FCBE /* CoreDataDemo.xcdatamodel */ = {isa = PBXFileReference; lastKnownFileType = wrapper.xcdatamodel; path = CoreDataDemo.xcdatamodel; sourceTree = "<group>"; };
		E07831561FAE4B0F00A4FCBE /* Assets.xcassets */ = {isa = PBXFileReference; lastKnownFileType = folder.assetcatalog; path = Assets.xcassets; sourceTree = "<group>"; };
		E07831591FAE4B0F00A4FCBE /* Base */ = {isa = PBXFileReference; lastKnownFileType = file.storyboard; name = Base; path = Base.lproj/LaunchScreen.storyboard; sourceTree = "<group>"; };
		E078315B1FAE4B0F00A4FCBE /* Info.plist */ = {isa = PBXFileReference; lastKnownFileType = text.plist.xml; path = Info.plist; sourceTree = "<group>"; };
		E07831601FAE4B0F00A4FCBE /* CoreDataDemoTests.xctest */ = {isa = PBXFileReference; explicitFileType = wrapper.cfbundle; includeInIndex = 0; path = CoreDataDemoTests.xctest; sourceTree = BUILT_PRODUCTS_DIR; };
		E07831641FAE4B0F00A4FCBE /* CoreDataDemoTests.swift */ = {isa = PBXFileReference; lastKnownFileType = sourcecode.swift; path = CoreDataDemoTests.swift; sourceTree = "<group>"; };
		E07831661FAE4B0F00A4FCBE /* Info.plist */ = {isa = PBXFileReference; lastKnownFileType = text.plist.xml; path = Info.plist; sourceTree = "<group>"; };
		E078316B1FAE4B0F00A4FCBE /* CoreDataDemoUITests.xctest */ = {isa = PBXFileReference; explicitFileType = wrapper.cfbundle; includeInIndex = 0; path = CoreDataDemoUITests.xctest; sourceTree = BUILT_PRODUCTS_DIR; };
		E078316F1FAE4B0F00A4FCBE /* CoreDataDemoUITests.swift */ = {isa = PBXFileReference; lastKnownFileType = sourcecode.swift; path = CoreDataDemoUITests.swift; sourceTree = "<group>"; };
		E07831711FAE4B0F00A4FCBE /* Info.plist */ = {isa = PBXFileReference; lastKnownFileType = text.plist.xml; path = Info.plist; sourceTree = "<group>"; };
		E07831851FAE97A300A4FCBE /* Tweet+CoreDataClass.swift */ = {isa = PBXFileReference; lastKnownFileType = sourcecode.swift; path = "Tweet+CoreDataClass.swift"; sourceTree = "<group>"; };
		E07831861FAE97A300A4FCBE /* Tweet+CoreDataProperties.swift */ = {isa = PBXFileReference; lastKnownFileType = sourcecode.swift; path = "Tweet+CoreDataProperties.swift"; sourceTree = "<group>"; };
/* End PBXFileReference section */

/* Begin PBXFrameworksBuildPhase section */
		E07831461FAE4B0F00A4FCBE /* Frameworks */ = {
			isa = PBXFrameworksBuildPhase;
			buildActionMask = 2147483647;
			files = (
			);
			runOnlyForDeploymentPostprocessing = 0;
		};
		E078315D1FAE4B0F00A4FCBE /* Frameworks */ = {
			isa = PBXFrameworksBuildPhase;
			buildActionMask = 2147483647;
			files = (
			);
			runOnlyForDeploymentPostprocessing = 0;
		};
		E07831681FAE4B0F00A4FCBE /* Frameworks */ = {
			isa = PBXFrameworksBuildPhase;
			buildActionMask = 2147483647;
			files = (
			);
			runOnlyForDeploymentPostprocessing = 0;
		};
/* End PBXFrameworksBuildPhase section */

/* Begin PBXGroup section */
		E07831401FAE4B0F00A4FCBE = {
			isa = PBXGroup;
			children = (
				E07831851FAE97A300A4FCBE /* Tweet+CoreDataClass.swift */,
				E07831861FAE97A300A4FCBE /* Tweet+CoreDataProperties.swift */,
				E078314B1FAE4B0F00A4FCBE /* CoreDataDemo */,
				E07831631FAE4B0F00A4FCBE /* CoreDataDemoTests */,
				E078316E1FAE4B0F00A4FCBE /* CoreDataDemoUITests */,
				E078314A1FAE4B0F00A4FCBE /* Products */,
			);
			sourceTree = "<group>";
		};
		E078314A1FAE4B0F00A4FCBE /* Products */ = {
			isa = PBXGroup;
			children = (
				E07831491FAE4B0F00A4FCBE /* CoreDataDemo.app */,
				E07831601FAE4B0F00A4FCBE /* CoreDataDemoTests.xctest */,
				E078316B1FAE4B0F00A4FCBE /* CoreDataDemoUITests.xctest */,
			);
			name = Products;
			sourceTree = "<group>";
		};
		E078314B1FAE4B0F00A4FCBE /* CoreDataDemo */ = {
			isa = PBXGroup;
			children = (
				E078314C1FAE4B0F00A4FCBE /* AppDelegate.swift */,
				E078314E1FAE4B0F00A4FCBE /* ViewController.swift */,
				E07831501FAE4B0F00A4FCBE /* Main.storyboard */,
				E07831561FAE4B0F00A4FCBE /* Assets.xcassets */,
				E07831581FAE4B0F00A4FCBE /* LaunchScreen.storyboard */,
				E078315B1FAE4B0F00A4FCBE /* Info.plist */,
				E07831531FAE4B0F00A4FCBE /* CoreDataDemo.xcdatamodeld */,
			);
			path = CoreDataDemo;
			sourceTree = "<group>";
		};
		E07831631FAE4B0F00A4FCBE /* CoreDataDemoTests */ = {
			isa = PBXGroup;
			children = (
				E07831641FAE4B0F00A4FCBE /* CoreDataDemoTests.swift */,
				E07831661FAE4B0F00A4FCBE /* Info.plist */,
			);
			path = CoreDataDemoTests;
			sourceTree = "<group>";
		};
		E078316E1FAE4B0F00A4FCBE /* CoreDataDemoUITests */ = {
			isa = PBXGroup;
			children = (
				E078316F1FAE4B0F00A4FCBE /* CoreDataDemoUITests.swift */,
				E07831711FAE4B0F00A4FCBE /* Info.plist */,
			);
			path = CoreDataDemoUITests;
			sourceTree = "<group>";
		};
/* End PBXGroup section */

/* Begin PBXNativeTarget section */
		E07831481FAE4B0F00A4FCBE /* CoreDataDemo */ = {
			isa = PBXNativeTarget;
			buildConfigurationList = E07831741FAE4B0F00A4FCBE /* Build configuration list for PBXNativeTarget "CoreDataDemo" */;
			buildPhases = (
				E07831451FAE4B0F00A4FCBE /* Sources */,
				E07831461FAE4B0F00A4FCBE /* Frameworks */,
				E07831471FAE4B0F00A4FCBE /* Resources */,
			);
			buildRules = (
			);
			dependencies = (
			);
			name = CoreDataDemo;
			productName = CoreDataDemo;
			productReference = E07831491FAE4B0F00A4FCBE /* CoreDataDemo.app */;
			productType = "com.apple.product-type.application";
		};
		E078315F1FAE4B0F00A4FCBE /* CoreDataDemoTests */ = {
			isa = PBXNativeTarget;
			buildConfigurationList = E07831771FAE4B0F00A4FCBE /* Build configuration list for PBXNativeTarget "CoreDataDemoTests" */;
			buildPhases = (
				E078315C1FAE4B0F00A4FCBE /* Sources */,
				E078315D1FAE4B0F00A4FCBE /* Frameworks */,
				E078315E1FAE4B0F00A4FCBE /* Resources */,
			);
			buildRules = (
			);
			dependencies = (
				E07831621FAE4B0F00A4FCBE /* PBXTargetDependency */,
			);
			name = CoreDataDemoTests;
			productName = CoreDataDemoTests;
			productReference = E07831601FAE4B0F00A4FCBE /* CoreDataDemoTests.xctest */;
			productType = "com.apple.product-type.bundle.unit-test";
		};
		E078316A1FAE4B0F00A4FCBE /* CoreDataDemoUITests */ = {
			isa = PBXNativeTarget;
			buildConfigurationList = E078317A1FAE4B0F00A4FCBE /* Build configuration list for PBXNativeTarget "CoreDataDemoUITests" */;
			buildPhases = (
				E07831671FAE4B0F00A4FCBE /* Sources */,
				E07831681FAE4B0F00A4FCBE /* Frameworks */,
				E07831691FAE4B0F00A4FCBE /* Resources */,
			);
			buildRules = (
			);
			dependencies = (
				E078316D1FAE4B0F00A4FCBE /* PBXTargetDependency */,
			);
			name = CoreDataDemoUITests;
			productName = CoreDataDemoUITests;
			productReference = E078316B1FAE4B0F00A4FCBE /* CoreDataDemoUITests.xctest */;
			productType = "com.apple.product-type.bundle.ui-testing";
		};
/* End PBXNativeTarget section */

/* Begin PBXProject section */
		E07831411FAE4B0F00A4FCBE /* Project object */ = {
			isa = PBXProject;
			attributes = {
				LastSwiftUpdateCheck = 0900;
				LastUpgradeCheck = 0900;
				ORGANIZATIONNAME = "SuryaKant Sharma";
				TargetAttributes = {
					E07831481FAE4B0F00A4FCBE = {
						CreatedOnToolsVersion = 9.0;
						ProvisioningStyle = Automatic;
					};
					E078315F1FAE4B0F00A4FCBE = {
						CreatedOnToolsVersion = 9.0;
						ProvisioningStyle = Automatic;
						TestTargetID = E07831481FAE4B0F00A4FCBE;
					};
					E078316A1FAE4B0F00A4FCBE = {
						CreatedOnToolsVersion = 9.0;
						ProvisioningStyle = Automatic;
						TestTargetID = E07831481FAE4B0F00A4FCBE;
					};
				};
			};
			buildConfigurationList = E07831441FAE4B0F00A4FCBE /* Build configuration list for PBXProject "CoreDataDemo" */;
			compatibilityVersion = "Xcode 8.0";
			developmentRegion = en;
			hasScannedForEncodings = 0;
			knownRegions = (
				en,
				Base,
			);
			mainGroup = E07831401FAE4B0F00A4FCBE;
			productRefGroup = E078314A1FAE4B0F00A4FCBE /* Products */;
			projectDirPath = "";
			projectRoot = "";
			targets = (
				E07831481FAE4B0F00A4FCBE /* CoreDataDemo */,
				E078315F1FAE4B0F00A4FCBE /* CoreDataDemoTests */,
				E078316A1FAE4B0F00A4FCBE /* CoreDataDemoUITests */,
			);
		};
/* End PBXProject section */

/* Begin PBXResourcesBuildPhase section */
		E07831471FAE4B0F00A4FCBE /* Resources */ = {
			isa = PBXResourcesBuildPhase;
			buildActionMask = 2147483647;
			files = (
				E078315A1FAE4B0F00A4FCBE /* LaunchScreen.storyboard in Resources */,
				E07831571FAE4B0F00A4FCBE /* Assets.xcassets in Resources */,
				E07831521FAE4B0F00A4FCBE /* Main.storyboard in Resources */,
			);
			runOnlyForDeploymentPostprocessing = 0;
		};
		E078315E1FAE4B0F00A4FCBE /* Resources */ = {
			isa = PBXResourcesBuildPhase;
			buildActionMask = 2147483647;
			files = (
			);
			runOnlyForDeploymentPostprocessing = 0;
		};
		E07831691FAE4B0F00A4FCBE /* Resources */ = {
			isa = PBXResourcesBuildPhase;
			buildActionMask = 2147483647;
			files = (
			);
			runOnlyForDeploymentPostprocessing = 0;
		};
/* End PBXResourcesBuildPhase section */

/* Begin PBXSourcesBuildPhase section */
		E07831451FAE4B0F00A4FCBE /* Sources */ = {
			isa = PBXSourcesBuildPhase;
			buildActionMask = 2147483647;
			files = (
				E078314F1FAE4B0F00A4FCBE /* ViewController.swift in Sources */,
				E07831871FAE97A300A4FCBE /* Tweet+CoreDataClass.swift in Sources */,
				E07831551FAE4B0F00A4FCBE /* CoreDataDemo.xcdatamodeld in Sources */,
				E078314D1FAE4B0F00A4FCBE /* AppDelegate.swift in Sources */,
				E07831881FAE97A300A4FCBE /* Tweet+CoreDataProperties.swift in Sources */,
			);
			runOnlyForDeploymentPostprocessing = 0;
		};
		E078315C1FAE4B0F00A4FCBE /* Sources */ = {
			isa = PBXSourcesBuildPhase;
			buildActionMask = 2147483647;
			files = (
				E07831651FAE4B0F00A4FCBE /* CoreDataDemoTests.swift in Sources */,
			);
			runOnlyForDeploymentPostprocessing = 0;
		};
		E07831671FAE4B0F00A4FCBE /* Sources */ = {
			isa = PBXSourcesBuildPhase;
			buildActionMask = 2147483647;
			files = (
				E07831701FAE4B0F00A4FCBE /* CoreDataDemoUITests.swift in Sources */,
			);
			runOnlyForDeploymentPostprocessing = 0;
		};
/* End PBXSourcesBuildPhase section */

/* Begin PBXTargetDependency section */
		E07831621FAE4B0F00A4FCBE /* PBXTargetDependency */ = {
			isa = PBXTargetDependency;
			target = E07831481FAE4B0F00A4FCBE /* CoreDataDemo */;
			targetProxy = E07831611FAE4B0F00A4FCBE /* PBXContainerItemProxy */;
		};
		E078316D1FAE4B0F00A4FCBE /* PBXTargetDependency */ = {
			isa = PBXTargetDependency;
			target = E07831481FAE4B0F00A4FCBE /* CoreDataDemo */;
			targetProxy = E078316C1FAE4B0F00A4FCBE /* PBXContainerItemProxy */;
		};
/* End PBXTargetDependency section */

/* Begin PBXVariantGroup section */
		E07831501FAE4B0F00A4FCBE /* Main.storyboard */ = {
			isa = PBXVariantGroup;
			children = (
				E07831511FAE4B0F00A4FCBE /* Base */,
			);
			name = Main.storyboard;
			sourceTree = "<group>";
		};
		E07831581FAE4B0F00A4FCBE /* LaunchScreen.storyboard */ = {
			isa = PBXVariantGroup;
			children = (
				E07831591FAE4B0F00A4FCBE /* Base */,
			);
			name = LaunchScreen.storyboard;
			sourceTree = "<group>";
		};
/* End PBXVariantGroup section */

/* Begin XCBuildConfiguration section */
		E07831721FAE4B0F00A4FCBE /* Debug */ = {
			isa = XCBuildConfiguration;
			buildSettings = {
				ALWAYS_SEARCH_USER_PATHS = NO;
				CLANG_ANALYZER_NONNULL = YES;
				CLANG_ANALYZER_NUMBER_OBJECT_CONVERSION = YES_AGGRESSIVE;
				CLANG_CXX_LANGUAGE_STANDARD = "gnu++14";
				CLANG_CXX_LIBRARY = "libc++";
				CLANG_ENABLE_MODULES = YES;
				CLANG_ENABLE_OBJC_ARC = YES;
				CLANG_WARN_BLOCK_CAPTURE_AUTORELEASING = YES;
				CLANG_WARN_BOOL_CONVERSION = YES;
				CLANG_WARN_COMMA = YES;
				CLANG_WARN_CONSTANT_CONVERSION = YES;
				CLANG_WARN_DIRECT_OBJC_ISA_USAGE = YES_ERROR;
				CLANG_WARN_DOCUMENTATION_COMMENTS = YES;
				CLANG_WARN_EMPTY_BODY = YES;
				CLANG_WARN_ENUM_CONVERSION = YES;
				CLANG_WARN_INFINITE_RECURSION = YES;
				CLANG_WARN_INT_CONVERSION = YES;
				CLANG_WARN_NON_LITERAL_NULL_CONVERSION = YES;
				CLANG_WARN_OBJC_LITERAL_CONVERSION = YES;
				CLANG_WARN_OBJC_ROOT_CLASS = YES_ERROR;
				CLANG_WARN_RANGE_LOOP_ANALYSIS = YES;
				CLANG_WARN_STRICT_PROTOTYPES = YES;
				CLANG_WARN_SUSPICIOUS_MOVE = YES;
				CLANG_WARN_UNGUARDED_AVAILABILITY = YES_AGGRESSIVE;
				CLANG_WARN_UNREACHABLE_CODE = YES;
				CLANG_WARN__DUPLICATE_METHOD_MATCH = YES;
				CODE_SIGN_IDENTITY = "iPhone Developer";
				COPY_PHASE_STRIP = NO;
				DEBUG_INFORMATION_FORMAT = dwarf;
				ENABLE_STRICT_OBJC_MSGSEND = YES;
				ENABLE_TESTABILITY = YES;
				GCC_C_LANGUAGE_STANDARD = gnu11;
				GCC_DYNAMIC_NO_PIC = NO;
				GCC_NO_COMMON_BLOCKS = YES;
				GCC_OPTIMIZATION_LEVEL = 0;
				GCC_PREPROCESSOR_DEFINITIONS = (
					"DEBUG=1",
					"$(inherited)",
				);
				GCC_WARN_64_TO_32_BIT_CONVERSION = YES;
				GCC_WARN_ABOUT_RETURN_TYPE = YES_ERROR;
				GCC_WARN_UNDECLARED_SELECTOR = YES;
				GCC_WARN_UNINITIALIZED_AUTOS = YES_AGGRESSIVE;
				GCC_WARN_UNUSED_FUNCTION = YES;
				GCC_WARN_UNUSED_VARIABLE = YES;
				IPHONEOS_DEPLOYMENT_TARGET = 11.0;
				MTL_ENABLE_DEBUG_INFO = YES;
				ONLY_ACTIVE_ARCH = YES;
				SDKROOT = iphoneos;
				SWIFT_ACTIVE_COMPILATION_CONDITIONS = DEBUG;
				SWIFT_OPTIMIZATION_LEVEL = "-Onone";
			};
			name = Debug;
		};
		E07831731FAE4B0F00A4FCBE /* Release */ = {
			isa = XCBuildConfiguration;
			buildSettings = {
				ALWAYS_SEARCH_USER_PATHS = NO;
				CLANG_ANALYZER_NONNULL = YES;
				CLANG_ANALYZER_NUMBER_OBJECT_CONVERSION = YES_AGGRESSIVE;
				CLANG_CXX_LANGUAGE_STANDARD = "gnu++14";
				CLANG_CXX_LIBRARY = "libc++";
				CLANG_ENABLE_MODULES = YES;
				CLANG_ENABLE_OBJC_ARC = YES;
				CLANG_WARN_BLOCK_CAPTURE_AUTORELEASING = YES;
				CLANG_WARN_BOOL_CONVERSION = YES;
				CLANG_WARN_COMMA = YES;
				CLANG_WARN_CONSTANT_CONVERSION = YES;
				CLANG_WARN_DIRECT_OBJC_ISA_USAGE = YES_ERROR;
				CLANG_WARN_DOCUMENTATION_COMMENTS = YES;
				CLANG_WARN_EMPTY_BODY = YES;
				CLANG_WARN_ENUM_CONVERSION = YES;
				CLANG_WARN_INFINITE_RECURSION = YES;
				CLANG_WARN_INT_CONVERSION = YES;
				CLANG_WARN_NON_LITERAL_NULL_CONVERSION = YES;
				CLANG_WARN_OBJC_LITERAL_CONVERSION = YES;
				CLANG_WARN_OBJC_ROOT_CLASS = YES_ERROR;
				CLANG_WARN_RANGE_LOOP_ANALYSIS = YES;
				CLANG_WARN_STRICT_PROTOTYPES = YES;
				CLANG_WARN_SUSPICIOUS_MOVE = YES;
				CLANG_WARN_UNGUARDED_AVAILABILITY = YES_AGGRESSIVE;
				CLANG_WARN_UNREACHABLE_CODE = YES;
				CLANG_WARN__DUPLICATE_METHOD_MATCH = YES;
				CODE_SIGN_IDENTITY = "iPhone Developer";
				COPY_PHASE_STRIP = NO;
				DEBUG_INFORMATION_FORMAT = "dwarf-with-dsym";
				ENABLE_NS_ASSERTIONS = NO;
				ENABLE_STRICT_OBJC_MSGSEND = YES;
				GCC_C_LANGUAGE_STANDARD = gnu11;
				GCC_NO_COMMON_BLOCKS = YES;
				GCC_WARN_64_TO_32_BIT_CONVERSION = YES;
				GCC_WARN_ABOUT_RETURN_TYPE = YES_ERROR;
				GCC_WARN_UNDECLARED_SELECTOR = YES;
				GCC_WARN_UNINITIALIZED_AUTOS = YES_AGGRESSIVE;
				GCC_WARN_UNUSED_FUNCTION = YES;
				GCC_WARN_UNUSED_VARIABLE = YES;
				IPHONEOS_DEPLOYMENT_TARGET = 11.0;
				MTL_ENABLE_DEBUG_INFO = NO;
				SDKROOT = iphoneos;
				SWIFT_OPTIMIZATION_LEVEL = "-Owholemodule";
				VALIDATE_PRODUCT = YES;
			};
			name = Release;
		};
		E07831751FAE4B0F00A4FCBE /* Debug */ = {
			isa = XCBuildConfiguration;
			buildSettings = {
				ASSETCATALOG_COMPILER_APPICON_NAME = AppIcon;
				CODE_SIGN_STYLE = Automatic;
				INFOPLIST_FILE = CoreDataDemo/Info.plist;
				LD_RUNPATH_SEARCH_PATHS = "$(inherited) @executable_path/Frameworks";
				PRODUCT_BUNDLE_IDENTIFIER = com.GitHub.CountryPicker.CoreDataDemo;
				PRODUCT_NAME = "$(TARGET_NAME)";
				SWIFT_VERSION = 4.0;
				TARGETED_DEVICE_FAMILY = "1,2";
			};
			name = Debug;
		};
		E07831761FAE4B0F00A4FCBE /* Release */ = {
			isa = XCBuildConfiguration;
			buildSettings = {
				ASSETCATALOG_COMPILER_APPICON_NAME = AppIcon;
				CODE_SIGN_STYLE = Automatic;
				INFOPLIST_FILE = CoreDataDemo/Info.plist;
				LD_RUNPATH_SEARCH_PATHS = "$(inherited) @executable_path/Frameworks";
				PRODUCT_BUNDLE_IDENTIFIER = com.GitHub.CountryPicker.CoreDataDemo;
				PRODUCT_NAME = "$(TARGET_NAME)";
				SWIFT_VERSION = 4.0;
				TARGETED_DEVICE_FAMILY = "1,2";
			};
			name = Release;
		};
		E07831781FAE4B0F00A4FCBE /* Debug */ = {
			isa = XCBuildConfiguration;
			buildSettings = {
				ALWAYS_EMBED_SWIFT_STANDARD_LIBRARIES = YES;
				BUNDLE_LOADER = "$(TEST_HOST)";
				CODE_SIGN_STYLE = Automatic;
				INFOPLIST_FILE = CoreDataDemoTests/Info.plist;
				LD_RUNPATH_SEARCH_PATHS = "$(inherited) @executable_path/Frameworks @loader_path/Frameworks";
				PRODUCT_BUNDLE_IDENTIFIER = com.GitHub.CountryPicker.CoreDataDemoTests;
				PRODUCT_NAME = "$(TARGET_NAME)";
				SWIFT_VERSION = 4.0;
				TARGETED_DEVICE_FAMILY = "1,2";
				TEST_HOST = "$(BUILT_PRODUCTS_DIR)/CoreDataDemo.app/CoreDataDemo";
			};
			name = Debug;
		};
		E07831791FAE4B0F00A4FCBE /* Release */ = {
			isa = XCBuildConfiguration;
			buildSettings = {
				ALWAYS_EMBED_SWIFT_STANDARD_LIBRARIES = YES;
				BUNDLE_LOADER = "$(TEST_HOST)";
				CODE_SIGN_STYLE = Automatic;
				INFOPLIST_FILE = CoreDataDemoTests/Info.plist;
				LD_RUNPATH_SEARCH_PATHS = "$(inherited) @executable_path/Frameworks @loader_path/Frameworks";
				PRODUCT_BUNDLE_IDENTIFIER = com.GitHub.CountryPicker.CoreDataDemoTests;
				PRODUCT_NAME = "$(TARGET_NAME)";
				SWIFT_VERSION = 4.0;
				TARGETED_DEVICE_FAMILY = "1,2";
				TEST_HOST = "$(BUILT_PRODUCTS_DIR)/CoreDataDemo.app/CoreDataDemo";
			};
			name = Release;
		};
		E078317B1FAE4B0F00A4FCBE /* Debug */ = {
			isa = XCBuildConfiguration;
			buildSettings = {
				ALWAYS_EMBED_SWIFT_STANDARD_LIBRARIES = YES;
				CODE_SIGN_STYLE = Automatic;
				INFOPLIST_FILE = CoreDataDemoUITests/Info.plist;
				LD_RUNPATH_SEARCH_PATHS = "$(inherited) @executable_path/Frameworks @loader_path/Frameworks";
				PRODUCT_BUNDLE_IDENTIFIER = com.GitHub.CountryPicker.CoreDataDemoUITests;
				PRODUCT_NAME = "$(TARGET_NAME)";
				SWIFT_VERSION = 4.0;
				TARGETED_DEVICE_FAMILY = "1,2";
				TEST_TARGET_NAME = CoreDataDemo;
			};
			name = Debug;
		};
		E078317C1FAE4B0F00A4FCBE /* Release */ = {
			isa = XCBuildConfiguration;
			buildSettings = {
				ALWAYS_EMBED_SWIFT_STANDARD_LIBRARIES = YES;
				CODE_SIGN_STYLE = Automatic;
				INFOPLIST_FILE = CoreDataDemoUITests/Info.plist;
				LD_RUNPATH_SEARCH_PATHS = "$(inherited) @executable_path/Frameworks @loader_path/Frameworks";
				PRODUCT_BUNDLE_IDENTIFIER = com.GitHub.CountryPicker.CoreDataDemoUITests;
				PRODUCT_NAME = "$(TARGET_NAME)";
				SWIFT_VERSION = 4.0;
				TARGETED_DEVICE_FAMILY = "1,2";
				TEST_TARGET_NAME = CoreDataDemo;
			};
			name = Release;
		};
/* End XCBuildConfiguration section */

/* Begin XCConfigurationList section */
		E07831441FAE4B0F00A4FCBE /* Build configuration list for PBXProject "CoreDataDemo" */ = {
			isa = XCConfigurationList;
			buildConfigurations = (
				E07831721FAE4B0F00A4FCBE /* Debug */,
				E07831731FAE4B0F00A4FCBE /* Release */,
			);
			defaultConfigurationIsVisible = 0;
			defaultConfigurationName = Release;
		};
		E07831741FAE4B0F00A4FCBE /* Build configuration list for PBXNativeTarget "CoreDataDemo" */ = {
			isa = XCConfigurationList;
			buildConfigurations = (
				E07831751FAE4B0F00A4FCBE /* Debug */,
				E07831761FAE4B0F00A4FCBE /* Release */,
			);
			defaultConfigurationIsVisible = 0;
			defaultConfigurationName = Release;
		};
		E07831771FAE4B0F00A4FCBE /* Build configuration list for PBXNativeTarget "CoreDataDemoTests" */ = {
			isa = XCConfigurationList;
			buildConfigurations = (
				E07831781FAE4B0F00A4FCBE /* Debug */,
				E07831791FAE4B0F00A4FCBE /* Release */,
			);
			defaultConfigurationIsVisible = 0;
			defaultConfigurationName = Release;
		};
		E078317A1FAE4B0F00A4FCBE /* Build configuration list for PBXNativeTarget "CoreDataDemoUITests" */ = {
			isa = XCConfigurationList;
			buildConfigurations = (
				E078317B1FAE4B0F00A4FCBE /* Debug */,
				E078317C1FAE4B0F00A4FCBE /* Release */,
			);
			defaultConfigurationIsVisible = 0;
			defaultConfigurationName = Release;
		};
/* End XCConfigurationList section */

/* Begin XCVersionGroup section */
		E07831531FAE4B0F00A4FCBE /* CoreDataDemo.xcdatamodeld */ = {
			isa = XCVersionGroup;
			children = (
				E07831541FAE4B0F00A4FCBE /* CoreDataDemo.xcdatamodel */,
			);
			currentVersion = E07831541FAE4B0F00A4FCBE /* CoreDataDemo.xcdatamodel */;
			path = CoreDataDemo.xcdatamodeld;
			sourceTree = "<group>";
			versionGroupType = wrapper.xcdatamodel;
		};
/* End XCVersionGroup section */
	};
	rootObject = E07831411FAE4B0F00A4FCBE /* Project object */;
}
