{
  "originHash" : "9763fccce63045a388fb651cea524c335b31d3accb6e3419ca15970dc6bf6819",
  "pins" : [
    {
      "identity" : "countrypicker",
      "kind" : "remoteSourceControl",
      "location" : "https://github.com/SURYAKANTSHARMA/CountryPicker",
      "state" : {
        "branch" : "iOS15AndAbove",
        "revision" : "6dfc4e25d1a257090e52556ca4808c0710b6e27c"
      }
    }
  ],
  "version" : 3
}
