// !$*UTF8*$!
{
	archiveVersion = 1;
	classes = {
	};
	objectVersion = 60;
	objects = {

/* Begin PBXBuildFile section */
		8A4F36EF2DD758E800FC68F7 /* CountryPicker in Frameworks */ = {isa = PBXBuildFile; productRef = 8A4F36EE2DD758E800FC68F7 /* CountryPicker */; };
		8A4F36F22DD75EEF00FC68F7 /* CountryPicker in Frameworks */ = {isa = PBXBuildFile; productRef = 8A4F36F12DD75EEF00FC68F7 /* CountryPicker */; };
		8A9B80CA2DD82AEE0034A8A6 /* CountryPicker in Frameworks */ = {isa = PBXBuildFile; productRef = 8A9B80C92DD82AEE0034A8A6 /* CountryPicker */; };
		8A9B80CD2DD82B130034A8A6 /* CountryPicker in Frameworks */ = {isa = PBXBuildFile; productRef = 8A9B80CC2DD82B130034A8A6 /* CountryPicker */; };
		8A9B80D02DD82B460034A8A6 /* CountryPicker in Frameworks */ = {isa = PBXBuildFile; productRef = 8A9B80CF2DD82B460034A8A6 /* CountryPicker */; };
		D8CBB17D2BDE2B3A00D46CB9 /* SPMExampleApp.swift in Sources */ = {isa = PBXBuildFile; fileRef = D8CBB17C2BDE2B3A00D46CB9 /* SPMExampleApp.swift */; };
		D8CBB1812BDE2B3B00D46CB9 /* Assets.xcassets in Resources */ = {isa = PBXBuildFile; fileRef = D8CBB1802BDE2B3B00D46CB9 /* Assets.xcassets */; };
		D8CBB1842BDE2B3B00D46CB9 /* Preview Assets.xcassets in Resources */ = {isa = PBXBuildFile; fileRef = D8CBB1832BDE2B3B00D46CB9 /* Preview Assets.xcassets */; };
		D8CBB1902BDE2D6800D46CB9 /* RootContainerView.swift in Sources */ = {isa = PBXBuildFile; fileRef = D8CBB18D2BDE2D6800D46CB9 /* RootContainerView.swift */; };
		D8CBB1912BDE2D6800D46CB9 /* MainView.swift in Sources */ = {isa = PBXBuildFile; fileRef = D8CBB18E2BDE2D6800D46CB9 /* MainView.swift */; };
		D8CBB1922BDE2D6800D46CB9 /* CountryPickerWheelDemoView.swift in Sources */ = {isa = PBXBuildFile; fileRef = D8CBB18F2BDE2D6800D46CB9 /* CountryPickerWheelDemoView.swift */; };
/* End PBXBuildFile section */

/* Begin PBXFileReference section */
		D8CBB1792BDE2B3A00D46CB9 /* SPMExample.app */ = {isa = PBXFileReference; explicitFileType = wrapper.application; includeInIndex = 0; path = SPMExample.app; sourceTree = BUILT_PRODUCTS_DIR; };
		D8CBB17C2BDE2B3A00D46CB9 /* SPMExampleApp.swift */ = {isa = PBXFileReference; lastKnownFileType = sourcecode.swift; path = SPMExampleApp.swift; sourceTree = "<group>"; };
		D8CBB1802BDE2B3B00D46CB9 /* Assets.xcassets */ = {isa = PBXFileReference; lastKnownFileType = folder.assetcatalog; path = Assets.xcassets; sourceTree = "<group>"; };
		D8CBB1832BDE2B3B00D46CB9 /* Preview Assets.xcassets */ = {isa = PBXFileReference; lastKnownFileType = folder.assetcatalog; path = "Preview Assets.xcassets"; sourceTree = "<group>"; };
		D8CBB18D2BDE2D6800D46CB9 /* RootContainerView.swift */ = {isa = PBXFileReference; fileEncoding = 4; lastKnownFileType = sourcecode.swift; path = RootContainerView.swift; sourceTree = "<group>"; };
		D8CBB18E2BDE2D6800D46CB9 /* MainView.swift */ = {isa = PBXFileReference; fileEncoding = 4; lastKnownFileType = sourcecode.swift; path = MainView.swift; sourceTree = "<group>"; };
		D8CBB18F2BDE2D6800D46CB9 /* CountryPickerWheelDemoView.swift */ = {isa = PBXFileReference; fileEncoding = 4; lastKnownFileType = sourcecode.swift; path = CountryPickerWheelDemoView.swift; sourceTree = "<group>"; };
/* End PBXFileReference section */

/* Begin PBXFrameworksBuildPhase section */
		D8CBB1762BDE2B3A00D46CB9 /* Frameworks */ = {
			isa = PBXFrameworksBuildPhase;
			buildActionMask = 2147483647;
			files = (
				8A9B80D02DD82B460034A8A6 /* CountryPicker in Frameworks */,
				8A4F36EF2DD758E800FC68F7 /* CountryPicker in Frameworks */,
				8A9B80CA2DD82AEE0034A8A6 /* CountryPicker in Frameworks */,
				8A4F36F22DD75EEF00FC68F7 /* CountryPicker in Frameworks */,
				8A9B80CD2DD82B130034A8A6 /* CountryPicker in Frameworks */,
			);
			runOnlyForDeploymentPostprocessing = 0;
		};
/* End PBXFrameworksBuildPhase section */

/* Begin PBXGroup section */
		D8CBB1702BDE2B3A00D46CB9 = {
			isa = PBXGroup;
			children = (
				D8CBB17B2BDE2B3A00D46CB9 /* SPMExample */,
				D8CBB17A2BDE2B3A00D46CB9 /* Products */,
			);
			sourceTree = "<group>";
		};
		D8CBB17A2BDE2B3A00D46CB9 /* Products */ = {
			isa = PBXGroup;
			children = (
				D8CBB1792BDE2B3A00D46CB9 /* SPMExample.app */,
			);
			name = Products;
			sourceTree = "<group>";
		};
		D8CBB17B2BDE2B3A00D46CB9 /* SPMExample */ = {
			isa = PBXGroup;
			children = (
				D8CBB18F2BDE2D6800D46CB9 /* CountryPickerWheelDemoView.swift */,
				D8CBB18E2BDE2D6800D46CB9 /* MainView.swift */,
				D8CBB18D2BDE2D6800D46CB9 /* RootContainerView.swift */,
				D8CBB17C2BDE2B3A00D46CB9 /* SPMExampleApp.swift */,
				D8CBB1802BDE2B3B00D46CB9 /* Assets.xcassets */,
				D8CBB1822BDE2B3B00D46CB9 /* Preview Content */,
			);
			path = SPMExample;
			sourceTree = "<group>";
		};
		D8CBB1822BDE2B3B00D46CB9 /* Preview Content */ = {
			isa = PBXGroup;
			children = (
				D8CBB1832BDE2B3B00D46CB9 /* Preview Assets.xcassets */,
			);
			path = "Preview Content";
			sourceTree = "<group>";
		};
/* End PBXGroup section */

/* Begin PBXNativeTarget section */
		D8CBB1782BDE2B3A00D46CB9 /* SPMExample */ = {
			isa = PBXNativeTarget;
			buildConfigurationList = D8CBB1872BDE2B3B00D46CB9 /* Build configuration list for PBXNativeTarget "SPMExample" */;
			buildPhases = (
				D8CBB1752BDE2B3A00D46CB9 /* Sources */,
				D8CBB1762BDE2B3A00D46CB9 /* Frameworks */,
				D8CBB1772BDE2B3A00D46CB9 /* Resources */,
			);
			buildRules = (
			);
			dependencies = (
			);
			name = SPMExample;
			packageProductDependencies = (
				8A4F36EE2DD758E800FC68F7 /* CountryPicker */,
				8A4F36F12DD75EEF00FC68F7 /* CountryPicker */,
				8A9B80C92DD82AEE0034A8A6 /* CountryPicker */,
				8A9B80CC2DD82B130034A8A6 /* CountryPicker */,
				8A9B80CF2DD82B460034A8A6 /* CountryPicker */,
			);
			productName = SPMExample;
			productReference = D8CBB1792BDE2B3A00D46CB9 /* SPMExample.app */;
			productType = "com.apple.product-type.application";
		};
/* End PBXNativeTarget section */

/* Begin PBXProject section */
		D8CBB1712BDE2B3A00D46CB9 /* Project object */ = {
			isa = PBXProject;
			attributes = {
				BuildIndependentTargetsInParallel = 1;
				LastSwiftUpdateCheck = 1530;
				LastUpgradeCheck = 1530;
				TargetAttributes = {
					D8CBB1782BDE2B3A00D46CB9 = {
						CreatedOnToolsVersion = 15.3;
					};
				};
			};
			buildConfigurationList = D8CBB1742BDE2B3A00D46CB9 /* Build configuration list for PBXProject "SPMExample" */;
			compatibilityVersion = "Xcode 14.0";
			developmentRegion = en;
			hasScannedForEncodings = 0;
			knownRegions = (
				en,
				Base,
			);
			mainGroup = D8CBB1702BDE2B3A00D46CB9;
			packageReferences = (
				8A9B80CE2DD82B460034A8A6 /* XCLocalSwiftPackageReference "../../../CountryPicker" */,
			);
			productRefGroup = D8CBB17A2BDE2B3A00D46CB9 /* Products */;
			projectDirPath = "";
			projectRoot = "";
			targets = (
				D8CBB1782BDE2B3A00D46CB9 /* SPMExample */,
			);
		};
/* End PBXProject section */

/* Begin PBXResourcesBuildPhase section */
		D8CBB1772BDE2B3A00D46CB9 /* Resources */ = {
			isa = PBXResourcesBuildPhase;
			buildActionMask = 2147483647;
			files = (
				D8CBB1842BDE2B3B00D46CB9 /* Preview Assets.xcassets in Resources */,
				D8CBB1812BDE2B3B00D46CB9 /* Assets.xcassets in Resources */,
			);
			runOnlyForDeploymentPostprocessing = 0;
		};
/* End PBXResourcesBuildPhase section */

/* Begin PBXSourcesBuildPhase section */
		D8CBB1752BDE2B3A00D46CB9 /* Sources */ = {
			isa = PBXSourcesBuildPhase;
			buildActionMask = 2147483647;
			files = (
				D8CBB1902BDE2D6800D46CB9 /* RootContainerView.swift in Sources */,
				D8CBB1912BDE2D6800D46CB9 /* MainView.swift in Sources */,
				D8CBB17D2BDE2B3A00D46CB9 /* SPMExampleApp.swift in Sources */,
				D8CBB1922BDE2D6800D46CB9 /* CountryPickerWheelDemoView.swift in Sources */,
			);
			runOnlyForDeploymentPostprocessing = 0;
		};
/* End PBXSourcesBuildPhase section */

/* Begin XCBuildConfiguration section */
		D8CBB1852BDE2B3B00D46CB9 /* Debug */ = {
			isa = XCBuildConfiguration;
			buildSettings = {
				ALWAYS_SEARCH_USER_PATHS = NO;
				ASSETCATALOG_COMPILER_GENERATE_SWIFT_ASSET_SYMBOL_EXTENSIONS = YES;
				CLANG_ANALYZER_NONNULL = YES;
				CLANG_ANALYZER_NUMBER_OBJECT_CONVERSION = YES_AGGRESSIVE;
				CLANG_CXX_LANGUAGE_STANDARD = "gnu++20";
				CLANG_ENABLE_MODULES = YES;
				CLANG_ENABLE_OBJC_ARC = YES;
				CLANG_ENABLE_OBJC_WEAK = YES;
				CLANG_WARN_BLOCK_CAPTURE_AUTORELEASING = YES;
				CLANG_WARN_BOOL_CONVERSION = YES;
				CLANG_WARN_COMMA = YES;
				CLANG_WARN_CONSTANT_CONVERSION = YES;
				CLANG_WARN_DEPRECATED_OBJC_IMPLEMENTATIONS = YES;
				CLANG_WARN_DIRECT_OBJC_ISA_USAGE = YES_ERROR;
				CLANG_WARN_DOCUMENTATION_COMMENTS = YES;
				CLANG_WARN_EMPTY_BODY = YES;
				CLANG_WARN_ENUM_CONVERSION = YES;
				CLANG_WARN_INFINITE_RECURSION = YES;
				CLANG_WARN_INT_CONVERSION = YES;
				CLANG_WARN_NON_LITERAL_NULL_CONVERSION = YES;
				CLANG_WARN_OBJC_IMPLICIT_RETAIN_SELF = YES;
				CLANG_WARN_OBJC_LITERAL_CONVERSION = YES;
				CLANG_WARN_OBJC_ROOT_CLASS = YES_ERROR;
				CLANG_WARN_QUOTED_INCLUDE_IN_FRAMEWORK_HEADER = YES;
				CLANG_WARN_RANGE_LOOP_ANALYSIS = YES;
				CLANG_WARN_STRICT_PROTOTYPES = YES;
				CLANG_WARN_SUSPICIOUS_MOVE = YES;
				CLANG_WARN_UNGUARDED_AVAILABILITY = YES_AGGRESSIVE;
				CLANG_WARN_UNREACHABLE_CODE = YES;
				CLANG_WARN__DUPLICATE_METHOD_MATCH = YES;
				COPY_PHASE_STRIP = NO;
				DEBUG_INFORMATION_FORMAT = dwarf;
				ENABLE_STRICT_OBJC_MSGSEND = YES;
				ENABLE_TESTABILITY = YES;
				ENABLE_USER_SCRIPT_SANDBOXING = YES;
				GCC_C_LANGUAGE_STANDARD = gnu17;
				GCC_DYNAMIC_NO_PIC = NO;
				GCC_NO_COMMON_BLOCKS = YES;
				GCC_OPTIMIZATION_LEVEL = 0;
				GCC_PREPROCESSOR_DEFINITIONS = (
					"DEBUG=1",
					"$(inherited)",
				);
				GCC_WARN_64_TO_32_BIT_CONVERSION = YES;
				GCC_WARN_ABOUT_RETURN_TYPE = YES_ERROR;
				GCC_WARN_UNDECLARED_SELECTOR = YES;
				GCC_WARN_UNINITIALIZED_AUTOS = YES_AGGRESSIVE;
				GCC_WARN_UNUSED_FUNCTION = YES;
				GCC_WARN_UNUSED_VARIABLE = YES;
				IPHONEOS_DEPLOYMENT_TARGET = 17.4;
				LOCALIZATION_PREFERS_STRING_CATALOGS = YES;
				MTL_ENABLE_DEBUG_INFO = INCLUDE_SOURCE;
				MTL_FAST_MATH = YES;
				ONLY_ACTIVE_ARCH = YES;
				SDKROOT = iphoneos;
				SWIFT_ACTIVE_COMPILATION_CONDITIONS = "DEBUG $(inherited)";
				SWIFT_OPTIMIZATION_LEVEL = "-Onone";
				SWIFT_VERSION = 6.0;
			};
			name = Debug;
		};
		D8CBB1862BDE2B3B00D46CB9 /* Release */ = {
			isa = XCBuildConfiguration;
			buildSettings = {
				ALWAYS_SEARCH_USER_PATHS = NO;
				ASSETCATALOG_COMPILER_GENERATE_SWIFT_ASSET_SYMBOL_EXTENSIONS = YES;
				CLANG_ANALYZER_NONNULL = YES;
				CLANG_ANALYZER_NUMBER_OBJECT_CONVERSION = YES_AGGRESSIVE;
				CLANG_CXX_LANGUAGE_STANDARD = "gnu++20";
				CLANG_ENABLE_MODULES = YES;
				CLANG_ENABLE_OBJC_ARC = YES;
				CLANG_ENABLE_OBJC_WEAK = YES;
				CLANG_WARN_BLOCK_CAPTURE_AUTORELEASING = YES;
				CLANG_WARN_BOOL_CONVERSION = YES;
				CLANG_WARN_COMMA = YES;
				CLANG_WARN_CONSTANT_CONVERSION = YES;
				CLANG_WARN_DEPRECATED_OBJC_IMPLEMENTATIONS = YES;
				CLANG_WARN_DIRECT_OBJC_ISA_USAGE = YES_ERROR;
				CLANG_WARN_DOCUMENTATION_COMMENTS = YES;
				CLANG_WARN_EMPTY_BODY = YES;
				CLANG_WARN_ENUM_CONVERSION = YES;
				CLANG_WARN_INFINITE_RECURSION = YES;
				CLANG_WARN_INT_CONVERSION = YES;
				CLANG_WARN_NON_LITERAL_NULL_CONVERSION = YES;
				CLANG_WARN_OBJC_IMPLICIT_RETAIN_SELF = YES;
				CLANG_WARN_OBJC_LITERAL_CONVERSION = YES;
				CLANG_WARN_OBJC_ROOT_CLASS = YES_ERROR;
				CLANG_WARN_QUOTED_INCLUDE_IN_FRAMEWORK_HEADER = YES;
				CLANG_WARN_RANGE_LOOP_ANALYSIS = YES;
				CLANG_WARN_STRICT_PROTOTYPES = YES;
				CLANG_WARN_SUSPICIOUS_MOVE = YES;
				CLANG_WARN_UNGUARDED_AVAILABILITY = YES_AGGRESSIVE;
				CLANG_WARN_UNREACHABLE_CODE = YES;
				CLANG_WARN__DUPLICATE_METHOD_MATCH = YES;
				COPY_PHASE_STRIP = NO;
				DEBUG_INFORMATION_FORMAT = "dwarf-with-dsym";
				ENABLE_NS_ASSERTIONS = NO;
				ENABLE_STRICT_OBJC_MSGSEND = YES;
				ENABLE_USER_SCRIPT_SANDBOXING = YES;
				GCC_C_LANGUAGE_STANDARD = gnu17;
				GCC_NO_COMMON_BLOCKS = YES;
				GCC_WARN_64_TO_32_BIT_CONVERSION = YES;
				GCC_WARN_ABOUT_RETURN_TYPE = YES_ERROR;
				GCC_WARN_UNDECLARED_SELECTOR = YES;
				GCC_WARN_UNINITIALIZED_AUTOS = YES_AGGRESSIVE;
				GCC_WARN_UNUSED_FUNCTION = YES;
				GCC_WARN_UNUSED_VARIABLE = YES;
				IPHONEOS_DEPLOYMENT_TARGET = 17.4;
				LOCALIZATION_PREFERS_STRING_CATALOGS = YES;
				MTL_ENABLE_DEBUG_INFO = NO;
				MTL_FAST_MATH = YES;
				SDKROOT = iphoneos;
				SWIFT_COMPILATION_MODE = wholemodule;
				SWIFT_VERSION = 6.0;
				VALIDATE_PRODUCT = YES;
			};
			name = Release;
		};
		D8CBB1882BDE2B3B00D46CB9 /* Debug */ = {
			isa = XCBuildConfiguration;
			buildSettings = {
				ASSETCATALOG_COMPILER_APPICON_NAME = AppIcon;
				ASSETCATALOG_COMPILER_GLOBAL_ACCENT_COLOR_NAME = AccentColor;
				CODE_SIGN_STYLE = Automatic;
				CURRENT_PROJECT_VERSION = 1;
				DEVELOPMENT_ASSET_PATHS = "\"SPMExample/Preview Content\"";
				ENABLE_PREVIEWS = YES;
				GENERATE_INFOPLIST_FILE = YES;
				INFOPLIST_KEY_UIApplicationSceneManifest_Generation = YES;
				INFOPLIST_KEY_UIApplicationSupportsIndirectInputEvents = YES;
				INFOPLIST_KEY_UILaunchScreen_Generation = YES;
				INFOPLIST_KEY_UISupportedInterfaceOrientations_iPad = "UIInterfaceOrientationPortrait UIInterfaceOrientationPortraitUpsideDown UIInterfaceOrientationLandscapeLeft UIInterfaceOrientationLandscapeRight";
				INFOPLIST_KEY_UISupportedInterfaceOrientations_iPhone = "UIInterfaceOrientationPortrait UIInterfaceOrientationLandscapeLeft UIInterfaceOrientationLandscapeRight";
				IPHONEOS_DEPLOYMENT_TARGET = 15.6;
				LD_RUNPATH_SEARCH_PATHS = (
					"$(inherited)",
					"@executable_path/Frameworks",
				);
				MARKETING_VERSION = 1.0;
				PRODUCT_BUNDLE_IDENTIFIER = com.github.Crypto.SPMExample;
				PRODUCT_NAME = "$(TARGET_NAME)";
				SWIFT_EMIT_LOC_STRINGS = YES;
				SWIFT_VERSION = 6.0;
				TARGETED_DEVICE_FAMILY = "1,2";
			};
			name = Debug;
		};
		D8CBB1892BDE2B3B00D46CB9 /* Release */ = {
			isa = XCBuildConfiguration;
			buildSettings = {
				ASSETCATALOG_COMPILER_APPICON_NAME = AppIcon;
				ASSETCATALOG_COMPILER_GLOBAL_ACCENT_COLOR_NAME = AccentColor;
				CODE_SIGN_STYLE = Automatic;
				CURRENT_PROJECT_VERSION = 1;
				DEVELOPMENT_ASSET_PATHS = "\"SPMExample/Preview Content\"";
				ENABLE_PREVIEWS = YES;
				GENERATE_INFOPLIST_FILE = YES;
				INFOPLIST_KEY_UIApplicationSceneManifest_Generation = YES;
				INFOPLIST_KEY_UIApplicationSupportsIndirectInputEvents = YES;
				INFOPLIST_KEY_UILaunchScreen_Generation = YES;
				INFOPLIST_KEY_UISupportedInterfaceOrientations_iPad = "UIInterfaceOrientationPortrait UIInterfaceOrientationPortraitUpsideDown UIInterfaceOrientationLandscapeLeft UIInterfaceOrientationLandscapeRight";
				INFOPLIST_KEY_UISupportedInterfaceOrientations_iPhone = "UIInterfaceOrientationPortrait UIInterfaceOrientationLandscapeLeft UIInterfaceOrientationLandscapeRight";
				IPHONEOS_DEPLOYMENT_TARGET = 15.6;
				LD_RUNPATH_SEARCH_PATHS = (
					"$(inherited)",
					"@executable_path/Frameworks",
				);
				MARKETING_VERSION = 1.0;
				PRODUCT_BUNDLE_IDENTIFIER = com.github.Crypto.SPMExample;
				PRODUCT_NAME = "$(TARGET_NAME)";
				SWIFT_EMIT_LOC_STRINGS = YES;
				SWIFT_VERSION = 6.0;
				TARGETED_DEVICE_FAMILY = "1,2";
			};
			name = Release;
		};
/* End XCBuildConfiguration section */

/* Begin XCConfigurationList section */
		D8CBB1742BDE2B3A00D46CB9 /* Build configuration list for PBXProject "SPMExample" */ = {
			isa = XCConfigurationList;
			buildConfigurations = (
				D8CBB1852BDE2B3B00D46CB9 /* Debug */,
				D8CBB1862BDE2B3B00D46CB9 /* Release */,
			);
			defaultConfigurationIsVisible = 0;
			defaultConfigurationName = Release;
		};
		D8CBB1872BDE2B3B00D46CB9 /* Build configuration list for PBXNativeTarget "SPMExample" */ = {
			isa = XCConfigurationList;
			buildConfigurations = (
				D8CBB1882BDE2B3B00D46CB9 /* Debug */,
				D8CBB1892BDE2B3B00D46CB9 /* Release */,
			);
			defaultConfigurationIsVisible = 0;
			defaultConfigurationName = Release;
		};
/* End XCConfigurationList section */

/* Begin XCLocalSwiftPackageReference section */
		8A9B80CE2DD82B460034A8A6 /* XCLocalSwiftPackageReference "../../../CountryPicker" */ = {
			isa = XCLocalSwiftPackageReference;
			relativePath = ../../../CountryPicker;
		};
/* End XCLocalSwiftPackageReference section */

/* Begin XCSwiftPackageProductDependency section */
		8A4F36EE2DD758E800FC68F7 /* CountryPicker */ = {
			isa = XCSwiftPackageProductDependency;
			productName = CountryPicker;
		};
		8A4F36F12DD75EEF00FC68F7 /* CountryPicker */ = {
			isa = XCSwiftPackageProductDependency;
			productName = CountryPicker;
		};
		8A9B80C92DD82AEE0034A8A6 /* CountryPicker */ = {
			isa = XCSwiftPackageProductDependency;
			productName = CountryPicker;
		};
		8A9B80CC2DD82B130034A8A6 /* CountryPicker */ = {
			isa = XCSwiftPackageProductDependency;
			productName = CountryPicker;
		};
		8A9B80CF2DD82B460034A8A6 /* CountryPicker */ = {
			isa = XCSwiftPackageProductDependency;
			productName = CountryPicker;
		};
/* End XCSwiftPackageProductDependency section */
	};
	rootObject = D8CBB1712BDE2B3A00D46CB9 /* Project object */;
}
