{
  "originHash" : "9763fccce63045a388fb651cea524c335b31d3accb6e3419ca15970dc6bf6819",
  "pins" : [
    {
      "identity" : "countrypicker",
      "kind" : "remoteSourceControl",
      "location" : "https://github.com/SURYAKANTSHARMA/CountryPicker",
      "state" : {
        "branch" : "refactor/sdk",
        "revision" : "bbb5b22731340588cb5f9d268dc36a52e09c97f5"
      }
    }
  ],
  "version" : 3
}
